// !$*UTF8*$!
{
	archiveVersion = 1;
	classes = {
	};
	objectVersion = 48;
	objects = {

/* Begin PBXBuildFile section */
		0A021BB31FD67195008EFF31 /* kon_ed7.png in Resources */ = {isa = PBXBuildFile; fileRef = 0A021BA81FD67195008EFF31 /* kon_ed7.png */; };
		0A021BB41FD67195008EFF31 /* kon_ed4.png in Resources */ = {isa = PBXBuildFile; fileRef = 0A021BA91FD67195008EFF31 /* kon_ed4.png */; };
		0A021BB51FD67195008EFF31 /* kon_ed5.png in Resources */ = {isa = PBXBuildFile; fileRef = 0A021BAA1FD67195008EFF31 /* kon_ed5.png */; };
		0A021BB61FD67195008EFF31 /* kon_ed1.png in Resources */ = {isa = PBXBuildFile; fileRef = 0A021BAB1FD67195008EFF31 /* kon_ed1.png */; };
		0A021BB71FD67195008EFF31 /* kon_ed11.png in Resources */ = {isa = PBXBuildFile; fileRef = 0A021BAC1FD67195008EFF31 /* kon_ed11.png */; };
		0A021BB81FD67195008EFF31 /* kon_ed2.png in Resources */ = {isa = PBXBuildFile; fileRef = 0A021BAD1FD67195008EFF31 /* kon_ed2.png */; };
		0A021BB91FD67195008EFF31 /* kon_ed10.png in Resources */ = {isa = PBXBuildFile; fileRef = 0A021BAE1FD67195008EFF31 /* kon_ed10.png */; };
		0A021BBA1FD67195008EFF31 /* kon_ed6.png in Resources */ = {isa = PBXBuildFile; fileRef = 0A021BAF1FD67195008EFF31 /* kon_ed6.png */; };
		0A021BBB1FD67195008EFF31 /* kon_ed8.png in Resources */ = {isa = PBXBuildFile; fileRef = 0A021BB01FD67195008EFF31 /* kon_ed8.png */; };
		0A021BBC1FD67195008EFF31 /* kon_ed9.png in Resources */ = {isa = PBXBuildFile; fileRef = 0A021BB11FD67195008EFF31 /* kon_ed9.png */; };
		0A021BBD1FD67195008EFF31 /* kon_ed3.png in Resources */ = {isa = PBXBuildFile; fileRef = 0A021BB21FD67195008EFF31 /* kon_ed3.png */; };
		0A021BBF1FD6729F008EFF31 /* HontouMovieViewController.m in Sources */ = {isa = PBXBuildFile; fileRef = 0A021BBE1FD6729F008EFF31 /* HontouMovieViewController.m */; };
		0A021BC21FD6742D008EFF31 /* TutorialMovieViewController.m in Sources */ = {isa = PBXBuildFile; fileRef = 0A021BC11FD6742D008EFF31 /* TutorialMovieViewController.m */; };
		0A11BE131FBA8607005D7B1F /* ToilettoumovieViewController.m in Sources */ = {isa = PBXBuildFile; fileRef = 0A11BE121FBA8607005D7B1F /* ToilettoumovieViewController.m */; };
		0A11BE151FBA8EB7005D7B1F /* こんぺい島.png in Resources */ = {isa = PBXBuildFile; fileRef = 0A11BE141FBA8EB2005D7B1F /* こんぺい島.png */; };
		0A11BE291FBABFEA005D7B1F /* うんこ.png in Resources */ = {isa = PBXBuildFile; fileRef = 0A11BE281FBABFE6005D7B1F /* うんこ.png */; };
		0A2C8EC91FCD43F200712259 /* 本.png in Resources */ = {isa = PBXBuildFile; fileRef = 0A2C8EC81FCD43F200712259 /* 本.png */; };
		0A3C407E1FDF8EDF003E7D21 /* dash1.png in Resources */ = {isa = PBXBuildFile; fileRef = 0A3C40791FDF8EDE003E7D21 /* dash1.png */; };
		0A3C407F1FDF8EDF003E7D21 /* dash2.png in Resources */ = {isa = PBXBuildFile; fileRef = 0A3C407A1FDF8EDE003E7D21 /* dash2.png */; };
		0A3C40801FDF8EDF003E7D21 /* butukaru.png in Resources */ = {isa = PBXBuildFile; fileRef = 0A3C407B1FDF8EDE003E7D21 /* butukaru.png */; };
		0A3C40811FDF8EDF003E7D21 /* jump.png in Resources */ = {isa = PBXBuildFile; fileRef = 0A3C407C1FDF8EDE003E7D21 /* jump.png */; };
		0A3C40821FDF8EDF003E7D21 /* kaihuku.png in Resources */ = {isa = PBXBuildFile; fileRef = 0A3C407D1FDF8EDE003E7D21 /* kaihuku.png */; };
		0A3C40841FDF92CE003E7D21 /* SMCollectionViewController.m in Sources */ = {isa = PBXBuildFile; fileRef = 0A3C40831FDF92CE003E7D21 /* SMCollectionViewController.m */; };
		0A3C40921FDF96D1003E7D21 /* No3_1.png in Resources */ = {isa = PBXBuildFile; fileRef = 0A3C40871FDF96D0003E7D21 /* No3_1.png */; };
		0A3C40931FDF96D1003E7D21 /* No1_3.png in Resources */ = {isa = PBXBuildFile; fileRef = 0A3C40881FDF96D0003E7D21 /* No1_3.png */; };
		0A3C40941FDF96D1003E7D21 /* No3_2.png in Resources */ = {isa = PBXBuildFile; fileRef = 0A3C40891FDF96D0003E7D21 /* No3_2.png */; };
		0A3C40951FDF96D1003E7D21 /* No1_2.png in Resources */ = {isa = PBXBuildFile; fileRef = 0A3C408A1FDF96D0003E7D21 /* No1_2.png */; };
		0A3C40961FDF96D1003E7D21 /* No2_3.png in Resources */ = {isa = PBXBuildFile; fileRef = 0A3C408B1FDF96D0003E7D21 /* No2_3.png */; };
		0A3C40971FDF96D1003E7D21 /* No3_4.png in Resources */ = {isa = PBXBuildFile; fileRef = 0A3C408C1FDF96D1003E7D21 /* No3_4.png */; };
		0A3C40981FDF96D1003E7D21 /* No2_1.png in Resources */ = {isa = PBXBuildFile; fileRef = 0A3C408D1FDF96D1003E7D21 /* No2_1.png */; };
		0A3C40991FDF96D1003E7D21 /* No2_2.png in Resources */ = {isa = PBXBuildFile; fileRef = 0A3C408E1FDF96D1003E7D21 /* No2_2.png */; };
		0A3C409A1FDF96D1003E7D21 /* No3_3.png in Resources */ = {isa = PBXBuildFile; fileRef = 0A3C408F1FDF96D1003E7D21 /* No3_3.png */; };
		0A3C409B1FDF96D1003E7D21 /* No3_5.png in Resources */ = {isa = PBXBuildFile; fileRef = 0A3C40901FDF96D1003E7D21 /* No3_5.png */; };
		0A3C409C1FDF96D1003E7D21 /* No1_1.png in Resources */ = {isa = PBXBuildFile; fileRef = 0A3C40911FDF96D1003E7D21 /* No1_1.png */; };
		0A3C40A11FDF96EA003E7D21 /* modoru.png in Resources */ = {isa = PBXBuildFile; fileRef = 0A3C409E1FDF96EA003E7D21 /* modoru.png */; };
		0A3C40A21FDF96EA003E7D21 /* hajimekara.png in Resources */ = {isa = PBXBuildFile; fileRef = 0A3C409F1FDF96EA003E7D21 /* hajimekara.png */; };
		0A3C40A31FDF96EA003E7D21 /* tuduki.png in Resources */ = {isa = PBXBuildFile; fileRef = 0A3C40A01FDF96EA003E7D21 /* tuduki.png */; };
		0A3C40A51FDFA7A2003E7D21 /* 本島灰.png in Resources */ = {isa = PBXBuildFile; fileRef = 0A3C40A41FDFA7A2003E7D21 /* 本島灰.png */; };
		0A4470802016FFF900AA6F3D /* after1_4.png in Resources */ = {isa = PBXBuildFile; fileRef = 0A4470782016FFF700AA6F3D /* after1_4.png */; };
		0A4470812016FFF900AA6F3D /* after1_2.png in Resources */ = {isa = PBXBuildFile; fileRef = 0A4470792016FFF700AA6F3D /* after1_2.png */; };
		0A4470822016FFF900AA6F3D /* after1_6.png in Resources */ = {isa = PBXBuildFile; fileRef = 0A44707A2016FFF700AA6F3D /* after1_6.png */; };
		0A4470832016FFF900AA6F3D /* after1_3.png in Resources */ = {isa = PBXBuildFile; fileRef = 0A44707B2016FFF800AA6F3D /* after1_3.png */; };
		0A4470842016FFF900AA6F3D /* after1_8.png in Resources */ = {isa = PBXBuildFile; fileRef = 0A44707C2016FFF800AA6F3D /* after1_8.png */; };
		0A4470852016FFF900AA6F3D /* after1_1.png in Resources */ = {isa = PBXBuildFile; fileRef = 0A44707D2016FFF800AA6F3D /* after1_1.png */; };
		0A4470862016FFF900AA6F3D /* after1_5.png in Resources */ = {isa = PBXBuildFile; fileRef = 0A44707E2016FFF900AA6F3D /* after1_5.png */; };
		0A4470872016FFF900AA6F3D /* after1_7.png in Resources */ = {isa = PBXBuildFile; fileRef = 0A44707F2016FFF900AA6F3D /* after1_7.png */; };
		0A4FAFC31F85E85500A25AFC /* AppDelegate.m in Sources */ = {isa = PBXBuildFile; fileRef = 0A4FAFC21F85E85500A25AFC /* AppDelegate.m */; };
		0A4FAFC61F85E85500A25AFC /* ViewController.m in Sources */ = {isa = PBXBuildFile; fileRef = 0A4FAFC51F85E85500A25AFC /* ViewController.m */; };
		0A4FAFC91F85E85500A25AFC /* Main.storyboard in Resources */ = {isa = PBXBuildFile; fileRef = 0A4FAFC71F85E85500A25AFC /* Main.storyboard */; };
		0A4FAFCB1F85E85500A25AFC /* Assets.xcassets in Resources */ = {isa = PBXBuildFile; fileRef = 0A4FAFCA1F85E85500A25AFC /* Assets.xcassets */; };
		0A4FAFCE1F85E85500A25AFC /* LaunchScreen.storyboard in Resources */ = {isa = PBXBuildFile; fileRef = 0A4FAFCC1F85E85500A25AFC /* LaunchScreen.storyboard */; };
		0A4FAFD11F85E85500A25AFC /* main.m in Sources */ = {isa = PBXBuildFile; fileRef = 0A4FAFD01F85E85500A25AFC /* main.m */; };
		0A4FAFDB1F85E85500A25AFC /* BookCollectorYamadaTests.m in Sources */ = {isa = PBXBuildFile; fileRef = 0A4FAFDA1F85E85500A25AFC /* BookCollectorYamadaTests.m */; };
		0A4FAFE61F85E85500A25AFC /* BookCollectorYamadaUITests.m in Sources */ = {isa = PBXBuildFile; fileRef = 0A4FAFE51F85E85500A25AFC /* BookCollectorYamadaUITests.m */; };
		0A587AA11FC3F9D300A505E2 /* kon_op3.png in Resources */ = {isa = PBXBuildFile; fileRef = 0A587A9C1FC3F9D200A505E2 /* kon_op3.png */; };
		0A587AA21FC3F9D300A505E2 /* kon_op1.png in Resources */ = {isa = PBXBuildFile; fileRef = 0A587A9D1FC3F9D200A505E2 /* kon_op1.png */; };
		0A587AA31FC3F9D300A505E2 /* kon_op4.png in Resources */ = {isa = PBXBuildFile; fileRef = 0A587A9E1FC3F9D200A505E2 /* kon_op4.png */; };
		0A587AA41FC3F9D300A505E2 /* kon_op2.png in Resources */ = {isa = PBXBuildFile; fileRef = 0A587A9F1FC3F9D200A505E2 /* kon_op2.png */; };
		0A587AA51FC3F9D300A505E2 /* kon_op5.png in Resources */ = {isa = PBXBuildFile; fileRef = 0A587AA01FC3F9D300A505E2 /* kon_op5.png */; };
		0A587AA91FC3FA2500A505E2 /* KonpeitouMovieViewController.m in Sources */ = {isa = PBXBuildFile; fileRef = 0A587AA81FC3FA2500A505E2 /* KonpeitouMovieViewController.m */; };
		0A587AB21FC3FC6D00A505E2 /* t3g.png in Resources */ = {isa = PBXBuildFile; fileRef = 0A587AAB1FC3FC6C00A505E2 /* t3g.png */; };
		0A587AB41FC3FC6D00A505E2 /* t1g.png in Resources */ = {isa = PBXBuildFile; fileRef = 0A587AAD1FC3FC6C00A505E2 /* t1g.png */; };
		0A587AB51FC3FC6D00A505E2 /* t4g.png in Resources */ = {isa = PBXBuildFile; fileRef = 0A587AAE1FC3FC6C00A505E2 /* t4g.png */; };
		0A587AB71FC3FC6D00A505E2 /* t2g.png in Resources */ = {isa = PBXBuildFile; fileRef = 0A587AB01FC3FC6D00A505E2 /* t2g.png */; };
		0A587ABC1FC3FC7A00A505E2 /* t2s.png in Resources */ = {isa = PBXBuildFile; fileRef = 0A587AB81FC3FC7900A505E2 /* t2s.png */; };
		0A587ABD1FC3FC7A00A505E2 /* t4s.png in Resources */ = {isa = PBXBuildFile; fileRef = 0A587AB91FC3FC7A00A505E2 /* t4s.png */; };
		0A587ABE1FC3FC7A00A505E2 /* t1s.png in Resources */ = {isa = PBXBuildFile; fileRef = 0A587ABA1FC3FC7A00A505E2 /* t1s.png */; };
		0A587ABF1FC3FC7A00A505E2 /* t3s.png in Resources */ = {isa = PBXBuildFile; fileRef = 0A587ABB1FC3FC7A00A505E2 /* t3s.png */; };
		0A587AC21FC3FE3100A505E2 /* t5g.png in Resources */ = {isa = PBXBuildFile; fileRef = 0A587AC01FC3FE3100A505E2 /* t5g.png */; };
		0A587AC31FC3FE3100A505E2 /* t6g.png in Resources */ = {isa = PBXBuildFile; fileRef = 0A587AC11FC3FE3100A505E2 /* t6g.png */; };
		0A7D7ED31FC92F8C00CBA86A /* 本棚.png in Resources */ = {isa = PBXBuildFile; fileRef = 0A7D7ED21FC92F8C00CBA86A /* 本棚.png */; };
		0A8976D41F903CDA00DB2382 /* plus.png in Resources */ = {isa = PBXBuildFile; fileRef = 0A8976D01F903CD900DB2382 /* plus.png */; };
		0A8976D51F903CDA00DB2382 /* minus.png in Resources */ = {isa = PBXBuildFile; fileRef = 0A8976D11F903CDA00DB2382 /* minus.png */; };
		0A8976DE1F9593BD00DB2382 /* トイレットペーパー.png in Resources */ = {isa = PBXBuildFile; fileRef = 0A8976D81F9593BC00DB2382 /* トイレットペーパー.png */; };
		0A8976E41F9593D500DB2382 /* トイレッ島.png in Resources */ = {isa = PBXBuildFile; fileRef = 0A8976E31F9593D500DB2382 /* トイレッ島.png */; };
		0A9670B01F9F119500150163 /* TutorialViewController.m in Sources */ = {isa = PBXBuildFile; fileRef = 0A9670AF1F9F119500150163 /* TutorialViewController.m */; };
		0AA9898E1FB164E600C21263 /* oji.png in Resources */ = {isa = PBXBuildFile; fileRef = 0AA9898D1FB164E600C21263 /* oji.png */; };
		0AAC86271F9EEA4E00EA006B /* k_pi.png in Resources */ = {isa = PBXBuildFile; fileRef = 0AAC86231F9EEA4D00EA006B /* k_pi.png */; };
		0AAC86281F9EEA4E00EA006B /* k_pu.png in Resources */ = {isa = PBXBuildFile; fileRef = 0AAC86241F9EEA4D00EA006B /* k_pu.png */; };
		0AAC86291F9EEA4E00EA006B /* k_gr.png in Resources */ = {isa = PBXBuildFile; fileRef = 0AAC86251F9EEA4D00EA006B /* k_gr.png */; };
		0AAC862A1F9EEA4E00EA006B /* k_bl.png in Resources */ = {isa = PBXBuildFile; fileRef = 0AAC86261F9EEA4E00EA006B /* k_bl.png */; };
		0AAC86371F9EEB6000EA006B /* S_こんぺい島.png in Resources */ = {isa = PBXBuildFile; fileRef = 0AAC86341F9EEB6000EA006B /* S_こんぺい島.png */; };
		0AAC86381F9EEB6000EA006B /* S_トイレッ島.png in Resources */ = {isa = PBXBuildFile; fileRef = 0AAC86351F9EEB6000EA006B /* S_トイレッ島.png */; };
		0AAC86391F9EEB6000EA006B /* S_本島.png in Resources */ = {isa = PBXBuildFile; fileRef = 0AAC86361F9EEB6000EA006B /* S_本島.png */; };
		0AAC863B1F9EF54D00EA006B /* ステージ選択.png in Resources */ = {isa = PBXBuildFile; fileRef = 0AAC863A1F9EF54A00EA006B /* ステージ選択.png */; };
		0AAE1E591FE8C80800D2A77B /* No5_2.png in Resources */ = {isa = PBXBuildFile; fileRef = 0AAE1E521FE8C80700D2A77B /* No5_2.png */; };
		0AAE1E5A1FE8C80800D2A77B /* No1_4.png in Resources */ = {isa = PBXBuildFile; fileRef = 0AAE1E531FE8C80700D2A77B /* No1_4.png */; };
		0AAE1E5B1FE8C80800D2A77B /* No1_5.png in Resources */ = {isa = PBXBuildFile; fileRef = 0AAE1E541FE8C80700D2A77B /* No1_5.png */; };
		0AAE1E5C1FE8C80800D2A77B /* No5_1.png in Resources */ = {isa = PBXBuildFile; fileRef = 0AAE1E551FE8C80700D2A77B /* No5_1.png */; };
		0AAE1E5D1FE8C80800D2A77B /* No5_3.png in Resources */ = {isa = PBXBuildFile; fileRef = 0AAE1E561FE8C80700D2A77B /* No5_3.png */; };
		0AAE1E5E1FE8C80800D2A77B /* No2_4.png in Resources */ = {isa = PBXBuildFile; fileRef = 0AAE1E571FE8C80700D2A77B /* No2_4.png */; };
		0AAE1E5F1FE8C80800D2A77B /* No5_4.png in Resources */ = {isa = PBXBuildFile; fileRef = 0AAE1E581FE8C80800D2A77B /* No5_4.png */; };
		0AAE1E631FE8D48900D2A77B /* NEWトイレッ島.png in Resources */ = {isa = PBXBuildFile; fileRef = 0AAE1E601FE8D48900D2A77B /* NEWトイレッ島.png */; };
		0AAE1E641FE8D48900D2A77B /* NEW本島.png in Resources */ = {isa = PBXBuildFile; fileRef = 0AAE1E611FE8D48900D2A77B /* NEW本島.png */; };
		0AAE1E651FE8D48900D2A77B /* NEWこんぺい島.png in Resources */ = {isa = PBXBuildFile; fileRef = 0AAE1E621FE8D48900D2A77B /* NEWこんぺい島.png */; };
		0AAE1E681FE8F4E300D2A77B /* HToilettouViewController.m in Sources */ = {isa = PBXBuildFile; fileRef = 0AAE1E671FE8F4E300D2A77B /* HToilettouViewController.m */; };
		0AAE1E6B1FE8F5D100D2A77B /* HKonpeitouViewController.m in Sources */ = {isa = PBXBuildFile; fileRef = 0AAE1E6A1FE8F5D100D2A77B /* HKonpeitouViewController.m */; };
		0AAE1E6F1FE8FCF700D2A77B /* test2.png in Resources */ = {isa = PBXBuildFile; fileRef = 0AAE1E6D1FE8FCF600D2A77B /* test2.png */; };
		0AAE1E701FE8FCF700D2A77B /* test1.png in Resources */ = {isa = PBXBuildFile; fileRef = 0AAE1E6E1FE8FCF700D2A77B /* test1.png */; };
		0AC48E782020353A008DFC13 /* last6_1.png in Resources */ = {isa = PBXBuildFile; fileRef = 0AC48E742020353A008DFC13 /* last6_1.png */; };
		0AC48E792020353A008DFC13 /* last6_3.png in Resources */ = {isa = PBXBuildFile; fileRef = 0AC48E752020353A008DFC13 /* last6_3.png */; };
		0AC48E7A2020353A008DFC13 /* last6_4.png in Resources */ = {isa = PBXBuildFile; fileRef = 0AC48E762020353A008DFC13 /* last6_4.png */; };
		0AC48E7B2020353A008DFC13 /* last6_2.png in Resources */ = {isa = PBXBuildFile; fileRef = 0AC48E772020353A008DFC13 /* last6_2.png */; };
		0ADF4FD11FA8096D0058E089 /* 海空.png in Resources */ = {isa = PBXBuildFile; fileRef = 0ADF4FC71FA8095F0058E089 /* 海空.png */; };
		0ADF4FD21FA8096D0058E089 /* キラキラ２.png in Resources */ = {isa = PBXBuildFile; fileRef = 0ADF4FC81FA809610058E089 /* キラキラ２.png */; };
		0ADF4FD31FA8096D0058E089 /* キラキラ１.png in Resources */ = {isa = PBXBuildFile; fileRef = 0ADF4FC91FA809630058E089 /* キラキラ１.png */; };
		0ADF4FD41FA8096D0058E089 /* こんぺい島灰.png in Resources */ = {isa = PBXBuildFile; fileRef = 0ADF4FCA1FA809640058E089 /* こんぺい島灰.png */; };
		0ADF4FD51FA8096D0058E089 /* 雲１.png in Resources */ = {isa = PBXBuildFile; fileRef = 0ADF4FCB1FA809650058E089 /* 雲１.png */; };
		0ADF4FD61FA8096D0058E089 /* 雲２.png in Resources */ = {isa = PBXBuildFile; fileRef = 0ADF4FCC1FA809670058E089 /* 雲２.png */; };
		0ADF4FD71FA8096D0058E089 /* 雲３.png in Resources */ = {isa = PBXBuildFile; fileRef = 0ADF4FCD1FA809680058E089 /* 雲３.png */; };
		0ADF4FD81FA8096D0058E089 /* 雲４.png in Resources */ = {isa = PBXBuildFile; fileRef = 0ADF4FCE1FA809690058E089 /* 雲４.png */; };
		0ADF4FD91FA8096D0058E089 /* トイレッ島灰.png in Resources */ = {isa = PBXBuildFile; fileRef = 0ADF4FCF1FA8096B0058E089 /* トイレッ島灰.png */; };
		0ADF4FDA1FA8096D0058E089 /* 雲５.png in Resources */ = {isa = PBXBuildFile; fileRef = 0ADF4FD01FA8096C0058E089 /* 雲５.png */; };
		0ADF4FDC1FA809EE0058E089 /* StageSelectViewController.m in Sources */ = {isa = PBXBuildFile; fileRef = 0ADF4FDB1FA809EE0058E089 /* StageSelectViewController.m */; };
		0ADF4FE01FA81AB90058E089 /* heal.png in Resources */ = {isa = PBXBuildFile; fileRef = 0ADF4FDE1FA81AB90058E089 /* heal.png */; };
		0ADF4FE11FA81AB90058E089 /* heart.png in Resources */ = {isa = PBXBuildFile; fileRef = 0ADF4FDF1FA81AB90058E089 /* heart.png */; };
		0ADF4FEB1FA84DE50058E089 /* HontouViewController.m in Sources */ = {isa = PBXBuildFile; fileRef = 0ADF4FEA1FA84DE50058E089 /* HontouViewController.m */; };
		0ADF4FEE1FA84FFB0058E089 /* チュートリアル背景.png in Resources */ = {isa = PBXBuildFile; fileRef = 0ADF4FED1FA84FFB0058E089 /* チュートリアル背景.png */; };
		0ADF4FF01FA856FA0058E089 /* 画面サイズ.png in Resources */ = {isa = PBXBuildFile; fileRef = 0ADF4FEF1FA856FA0058E089 /* 画面サイズ.png */; };
		0ADF4FF51FA860D60058E089 /* hon_r.png in Resources */ = {isa = PBXBuildFile; fileRef = 0ADF4FF21FA860D60058E089 /* hon_r.png */; };
		0ADF4FF61FA860D60058E089 /* hon_b.png in Resources */ = {isa = PBXBuildFile; fileRef = 0ADF4FF31FA860D60058E089 /* hon_b.png */; };
		0ADF4FF71FA860D60058E089 /* 本島.png in Resources */ = {isa = PBXBuildFile; fileRef = 0ADF4FF41FA860D60058E089 /* 本島.png */; };
		0AF79B8B1F9ECF0000BA0DAF /* KonpeitouViewController.m in Sources */ = {isa = PBXBuildFile; fileRef = 0AF79B8A1F9ECF0000BA0DAF /* KonpeitouViewController.m */; };
		0AF79B8E1F9ECF7800BA0DAF /* ToilettouViewController.m in Sources */ = {isa = PBXBuildFile; fileRef = 0AF79B8D1F9ECF7800BA0DAF /* ToilettouViewController.m */; };
		0AFEE65A1FECAAAD00BB7608 /* SMCMovieViewController.m in Sources */ = {isa = PBXBuildFile; fileRef = 0AFEE6591FECAAAD00BB7608 /* SMCMovieViewController.m */; };
		0AFEE660200DAE1600BB7608 /* hard.png in Resources */ = {isa = PBXBuildFile; fileRef = 0AFEE65C200DAE1500BB7608 /* hard.png */; };
		0AFEE661200DAE1600BB7608 /* skip.png in Resources */ = {isa = PBXBuildFile; fileRef = 0AFEE65D200DAE1500BB7608 /* skip.png */; };
		0AFEE662200DAE1600BB7608 /* normal.png in Resources */ = {isa = PBXBuildFile; fileRef = 0AFEE65E200DAE1600BB7608 /* normal.png */; };
		0AFEE667200DAE4900BB7608 /* noimage.png in Resources */ = {isa = PBXBuildFile; fileRef = 0AFEE665200DAE4900BB7608 /* noimage.png */; };
		0AFEE668200DAE4900BB7608 /* gallery.png in Resources */ = {isa = PBXBuildFile; fileRef = 0AFEE666200DAE4900BB7608 /* gallery.png */; };
		0AFEE671200DAE7E00BB7608 /* No6_2.png in Resources */ = {isa = PBXBuildFile; fileRef = 0AFEE669200DAE7D00BB7608 /* No6_2.png */; };
		0AFEE672200DAE7E00BB7608 /* No4_1.png in Resources */ = {isa = PBXBuildFile; fileRef = 0AFEE66A200DAE7D00BB7608 /* No4_1.png */; };
		0AFEE673200DAE7E00BB7608 /* No6_3.png in Resources */ = {isa = PBXBuildFile; fileRef = 0AFEE66B200DAE7D00BB7608 /* No6_3.png */; };
		0AFEE674200DAE7E00BB7608 /* No4_3.png in Resources */ = {isa = PBXBuildFile; fileRef = 0AFEE66C200DAE7D00BB7608 /* No4_3.png */; };
		0AFEE675200DAE7E00BB7608 /* No4_2.png in Resources */ = {isa = PBXBuildFile; fileRef = 0AFEE66D200DAE7D00BB7608 /* No4_2.png */; };
		0AFEE676200DAE7E00BB7608 /* No6_1.png in Resources */ = {isa = PBXBuildFile; fileRef = 0AFEE66E200DAE7D00BB7608 /* No6_1.png */; };
		0AFEE677200DAE7E00BB7608 /* No4_4.png in Resources */ = {isa = PBXBuildFile; fileRef = 0AFEE66F200DAE7D00BB7608 /* No4_4.png */; };
		0AFEE678200DAE7E00BB7608 /* No2_5.png in Resources */ = {isa = PBXBuildFile; fileRef = 0AFEE670200DAE7D00BB7608 /* No2_5.png */; };
		0AFEE67A200DAFC400BB7608 /* hardNew.png in Resources */ = {isa = PBXBuildFile; fileRef = 0AFEE679200DAFC400BB7608 /* hardNew.png */; };
/* End PBXBuildFile section */

/* Begin PBXContainerItemProxy section */
		0A4FAFD71F85E85500A25AFC /* PBXContainerItemProxy */ = {
			isa = PBXContainerItemProxy;
			containerPortal = 0A4FAFB61F85E85500A25AFC /* Project object */;
			proxyType = 1;
			remoteGlobalIDString = 0A4FAFBD1F85E85500A25AFC;
			remoteInfo = BookCollectorYamada;
		};
		0A4FAFE21F85E85500A25AFC /* PBXContainerItemProxy */ = {
			isa = PBXContainerItemProxy;
			containerPortal = 0A4FAFB61F85E85500A25AFC /* Project object */;
			proxyType = 1;
			remoteGlobalIDString = 0A4FAFBD1F85E85500A25AFC;
			remoteInfo = BookCollectorYamada;
		};
/* End PBXContainerItemProxy section */

/* Begin PBXFileReference section */
		0A021BA81FD67195008EFF31 /* kon_ed7.png */ = {isa = PBXFileReference; lastKnownFileType = image.png; name = kon_ed7.png; path = "img/こんぺい島ゴールムービー/kon_ed7.png"; sourceTree = SOURCE_ROOT; };
		0A021BA91FD67195008EFF31 /* kon_ed4.png */ = {isa = PBXFileReference; lastKnownFileType = image.png; name = kon_ed4.png; path = "img/こんぺい島ゴールムービー/kon_ed4.png"; sourceTree = SOURCE_ROOT; };
		0A021BAA1FD67195008EFF31 /* kon_ed5.png */ = {isa = PBXFileReference; lastKnownFileType = image.png; name = kon_ed5.png; path = "img/こんぺい島ゴールムービー/kon_ed5.png"; sourceTree = SOURCE_ROOT; };
		0A021BAB1FD67195008EFF31 /* kon_ed1.png */ = {isa = PBXFileReference; lastKnownFileType = image.png; name = kon_ed1.png; path = "img/こんぺい島ゴールムービー/kon_ed1.png"; sourceTree = SOURCE_ROOT; };
		0A021BAC1FD67195008EFF31 /* kon_ed11.png */ = {isa = PBXFileReference; lastKnownFileType = image.png; name = kon_ed11.png; path = "img/こんぺい島ゴールムービー/kon_ed11.png"; sourceTree = SOURCE_ROOT; };
		0A021BAD1FD67195008EFF31 /* kon_ed2.png */ = {isa = PBXFileReference; lastKnownFileType = image.png; name = kon_ed2.png; path = "img/こんぺい島ゴールムービー/kon_ed2.png"; sourceTree = SOURCE_ROOT; };
		0A021BAE1FD67195008EFF31 /* kon_ed10.png */ = {isa = PBXFileReference; lastKnownFileType = image.png; name = kon_ed10.png; path = "img/こんぺい島ゴールムービー/kon_ed10.png"; sourceTree = SOURCE_ROOT; };
		0A021BAF1FD67195008EFF31 /* kon_ed6.png */ = {isa = PBXFileReference; lastKnownFileType = image.png; name = kon_ed6.png; path = "img/こんぺい島ゴールムービー/kon_ed6.png"; sourceTree = SOURCE_ROOT; };
		0A021BB01FD67195008EFF31 /* kon_ed8.png */ = {isa = PBXFileReference; lastKnownFileType = image.png; name = kon_ed8.png; path = "img/こんぺい島ゴールムービー/kon_ed8.png"; sourceTree = SOURCE_ROOT; };
		0A021BB11FD67195008EFF31 /* kon_ed9.png */ = {isa = PBXFileReference; lastKnownFileType = image.png; name = kon_ed9.png; path = "img/こんぺい島ゴールムービー/kon_ed9.png"; sourceTree = SOURCE_ROOT; };
		0A021BB21FD67195008EFF31 /* kon_ed3.png */ = {isa = PBXFileReference; lastKnownFileType = image.png; name = kon_ed3.png; path = "img/こんぺい島ゴールムービー/kon_ed3.png"; sourceTree = SOURCE_ROOT; };
		0A021BBE1FD6729F008EFF31 /* HontouMovieViewController.m */ = {isa = PBXFileReference; lastKnownFileType = sourcecode.c.objc; path = HontouMovieViewController.m; sourceTree = "<group>"; };
		0A021BC01FD672A7008EFF31 /* HontouMovieViewController.h */ = {isa = PBXFileReference; lastKnownFileType = sourcecode.c.h; path = HontouMovieViewController.h; sourceTree = "<group>"; };
		0A021BC11FD6742D008EFF31 /* TutorialMovieViewController.m */ = {isa = PBXFileReference; lastKnownFileType = sourcecode.c.objc; path = TutorialMovieViewController.m; sourceTree = "<group>"; };
		0A021BC31FD67438008EFF31 /* TutorialMovieViewController.h */ = {isa = PBXFileReference; lastKnownFileType = sourcecode.c.h; path = TutorialMovieViewController.h; sourceTree = "<group>"; };
		0A11BE111FBA85FA005D7B1F /* ToilettoumovieViewController.h */ = {isa = PBXFileReference; lastKnownFileType = sourcecode.c.h; path = ToilettoumovieViewController.h; sourceTree = "<group>"; };
		0A11BE121FBA8607005D7B1F /* ToilettoumovieViewController.m */ = {isa = PBXFileReference; lastKnownFileType = sourcecode.c.objc; path = ToilettoumovieViewController.m; sourceTree = "<group>"; };
		0A11BE141FBA8EB2005D7B1F /* こんぺい島.png */ = {isa = PBXFileReference; lastKnownFileType = image.png; name = "こんぺい島.png"; path = "img/金平糖/こんぺい島.png"; sourceTree = SOURCE_ROOT; };
		0A11BE281FBABFE6005D7B1F /* うんこ.png */ = {isa = PBXFileReference; lastKnownFileType = image.png; name = "うんこ.png"; path = "img/トイレ素材/うんこ.png"; sourceTree = SOURCE_ROOT; };
		0A2C8EC81FCD43F200712259 /* 本.png */ = {isa = PBXFileReference; lastKnownFileType = image.png; name = "本.png"; path = "img/チュートリアル素材/障害物/本.png"; sourceTree = SOURCE_ROOT; };
		0A3C40791FDF8EDE003E7D21 /* dash1.png */ = {isa = PBXFileReference; lastKnownFileType = image.png; name = dash1.png; path = "img/主人公/dash1.png"; sourceTree = SOURCE_ROOT; };
		0A3C407A1FDF8EDE003E7D21 /* dash2.png */ = {isa = PBXFileReference; lastKnownFileType = image.png; name = dash2.png; path = "img/主人公/dash2.png"; sourceTree = SOURCE_ROOT; };
		0A3C407B1FDF8EDE003E7D21 /* butukaru.png */ = {isa = PBXFileReference; lastKnownFileType = image.png; name = butukaru.png; path = "img/主人公/butukaru.png"; sourceTree = SOURCE_ROOT; };
		0A3C407C1FDF8EDE003E7D21 /* jump.png */ = {isa = PBXFileReference; lastKnownFileType = image.png; name = jump.png; path = "img/主人公/jump.png"; sourceTree = SOURCE_ROOT; };
		0A3C407D1FDF8EDE003E7D21 /* kaihuku.png */ = {isa = PBXFileReference; lastKnownFileType = image.png; name = kaihuku.png; path = "img/主人公/kaihuku.png"; sourceTree = SOURCE_ROOT; };
		0A3C40831FDF92CE003E7D21 /* SMCollectionViewController.m */ = {isa = PBXFileReference; lastKnownFileType = sourcecode.c.objc; path = SMCollectionViewController.m; sourceTree = "<group>"; };
		0A3C40851FDF92D6003E7D21 /* SMCollectionViewController.h */ = {isa = PBXFileReference; lastKnownFileType = sourcecode.c.h; path = SMCollectionViewController.h; sourceTree = "<group>"; };
		0A3C40871FDF96D0003E7D21 /* No3_1.png */ = {isa = PBXFileReference; lastKnownFileType = image.png; name = No3_1.png; path = "img/チュートリアル開始ムービー/No3_1.png"; sourceTree = SOURCE_ROOT; };
		0A3C40881FDF96D0003E7D21 /* No1_3.png */ = {isa = PBXFileReference; lastKnownFileType = image.png; name = No1_3.png; path = "img/チュートリアル開始ムービー/No1_3.png"; sourceTree = SOURCE_ROOT; };
		0A3C40891FDF96D0003E7D21 /* No3_2.png */ = {isa = PBXFileReference; lastKnownFileType = image.png; name = No3_2.png; path = "img/チュートリアル開始ムービー/No3_2.png"; sourceTree = SOURCE_ROOT; };
		0A3C408A1FDF96D0003E7D21 /* No1_2.png */ = {isa = PBXFileReference; lastKnownFileType = image.png; name = No1_2.png; path = "img/チュートリアル開始ムービー/No1_2.png"; sourceTree = SOURCE_ROOT; };
		0A3C408B1FDF96D0003E7D21 /* No2_3.png */ = {isa = PBXFileReference; lastKnownFileType = image.png; name = No2_3.png; path = "img/チュートリアル開始ムービー/No2_3.png"; sourceTree = SOURCE_ROOT; };
		0A3C408C1FDF96D1003E7D21 /* No3_4.png */ = {isa = PBXFileReference; lastKnownFileType = image.png; name = No3_4.png; path = "img/チュートリアル開始ムービー/No3_4.png"; sourceTree = SOURCE_ROOT; };
		0A3C408D1FDF96D1003E7D21 /* No2_1.png */ = {isa = PBXFileReference; lastKnownFileType = image.png; name = No2_1.png; path = "img/チュートリアル開始ムービー/No2_1.png"; sourceTree = SOURCE_ROOT; };
		0A3C408E1FDF96D1003E7D21 /* No2_2.png */ = {isa = PBXFileReference; lastKnownFileType = image.png; name = No2_2.png; path = "img/チュートリアル開始ムービー/No2_2.png"; sourceTree = SOURCE_ROOT; };
		0A3C408F1FDF96D1003E7D21 /* No3_3.png */ = {isa = PBXFileReference; lastKnownFileType = image.png; name = No3_3.png; path = "img/チュートリアル開始ムービー/No3_3.png"; sourceTree = SOURCE_ROOT; };
		0A3C40901FDF96D1003E7D21 /* No3_5.png */ = {isa = PBXFileReference; lastKnownFileType = image.png; name = No3_5.png; path = "img/チュートリアル開始ムービー/No3_5.png"; sourceTree = SOURCE_ROOT; };
		0A3C40911FDF96D1003E7D21 /* No1_1.png */ = {isa = PBXFileReference; lastKnownFileType = image.png; name = No1_1.png; path = "img/チュートリアル開始ムービー/No1_1.png"; sourceTree = SOURCE_ROOT; };
		0A3C409E1FDF96EA003E7D21 /* modoru.png */ = {isa = PBXFileReference; lastKnownFileType = image.png; name = modoru.png; path = "img/ボタン/modoru.png"; sourceTree = SOURCE_ROOT; };
		0A3C409F1FDF96EA003E7D21 /* hajimekara.png */ = {isa = PBXFileReference; lastKnownFileType = image.png; name = hajimekara.png; path = "img/ボタン/hajimekara.png"; sourceTree = SOURCE_ROOT; };
		0A3C40A01FDF96EA003E7D21 /* tuduki.png */ = {isa = PBXFileReference; lastKnownFileType = image.png; name = tuduki.png; path = "img/ボタン/tuduki.png"; sourceTree = SOURCE_ROOT; };
		0A3C40A41FDFA7A2003E7D21 /* 本島灰.png */ = {isa = PBXFileReference; lastKnownFileType = image.png; name = "本島灰.png"; path = "img/ステージ選択画面素材/本島灰.png"; sourceTree = SOURCE_ROOT; };
		0A4470782016FFF700AA6F3D /* after1_4.png */ = {isa = PBXFileReference; lastKnownFileType = image.png; name = after1_4.png; path = "img/3ステージクリア後ムービー/after1_4.png"; sourceTree = SOURCE_ROOT; };
		0A4470792016FFF700AA6F3D /* after1_2.png */ = {isa = PBXFileReference; lastKnownFileType = image.png; name = after1_2.png; path = "img/3ステージクリア後ムービー/after1_2.png"; sourceTree = SOURCE_ROOT; };
		0A44707A2016FFF700AA6F3D /* after1_6.png */ = {isa = PBXFileReference; lastKnownFileType = image.png; name = after1_6.png; path = "img/3ステージクリア後ムービー/after1_6.png"; sourceTree = SOURCE_ROOT; };
		0A44707B2016FFF800AA6F3D /* after1_3.png */ = {isa = PBXFileReference; lastKnownFileType = image.png; name = after1_3.png; path = "img/3ステージクリア後ムービー/after1_3.png"; sourceTree = SOURCE_ROOT; };
		0A44707C2016FFF800AA6F3D /* after1_8.png */ = {isa = PBXFileReference; lastKnownFileType = image.png; name = after1_8.png; path = "img/3ステージクリア後ムービー/after1_8.png"; sourceTree = SOURCE_ROOT; };
		0A44707D2016FFF800AA6F3D /* after1_1.png */ = {isa = PBXFileReference; lastKnownFileType = image.png; name = after1_1.png; path = "img/3ステージクリア後ムービー/after1_1.png"; sourceTree = SOURCE_ROOT; };
		0A44707E2016FFF900AA6F3D /* after1_5.png */ = {isa = PBXFileReference; lastKnownFileType = image.png; name = after1_5.png; path = "img/3ステージクリア後ムービー/after1_5.png"; sourceTree = SOURCE_ROOT; };
		0A44707F2016FFF900AA6F3D /* after1_7.png */ = {isa = PBXFileReference; lastKnownFileType = image.png; name = after1_7.png; path = "img/3ステージクリア後ムービー/after1_7.png"; sourceTree = SOURCE_ROOT; };
		0A4FAFBE1F85E85500A25AFC /* BookCollectorYamada.app */ = {isa = PBXFileReference; explicitFileType = wrapper.application; includeInIndex = 0; path = BookCollectorYamada.app; sourceTree = BUILT_PRODUCTS_DIR; };
		0A4FAFC11F85E85500A25AFC /* AppDelegate.h */ = {isa = PBXFileReference; lastKnownFileType = sourcecode.c.h; path = AppDelegate.h; sourceTree = "<group>"; };
		0A4FAFC21F85E85500A25AFC /* AppDelegate.m */ = {isa = PBXFileReference; lastKnownFileType = sourcecode.c.objc; path = AppDelegate.m; sourceTree = "<group>"; };
		0A4FAFC41F85E85500A25AFC /* ViewController.h */ = {isa = PBXFileReference; lastKnownFileType = sourcecode.c.h; path = ViewController.h; sourceTree = "<group>"; };
		0A4FAFC51F85E85500A25AFC /* ViewController.m */ = {isa = PBXFileReference; lastKnownFileType = sourcecode.c.objc; path = ViewController.m; sourceTree = "<group>"; };
		0A4FAFC81F85E85500A25AFC /* Base */ = {isa = PBXFileReference; lastKnownFileType = file.storyboard; name = Base; path = Base.lproj/Main.storyboard; sourceTree = "<group>"; };
		0A4FAFCA1F85E85500A25AFC /* Assets.xcassets */ = {isa = PBXFileReference; lastKnownFileType = folder.assetcatalog; path = Assets.xcassets; sourceTree = "<group>"; };
		0A4FAFCD1F85E85500A25AFC /* Base */ = {isa = PBXFileReference; lastKnownFileType = file.storyboard; name = Base; path = Base.lproj/LaunchScreen.storyboard; sourceTree = "<group>"; };
		0A4FAFCF1F85E85500A25AFC /* Info.plist */ = {isa = PBXFileReference; lastKnownFileType = text.plist.xml; path = Info.plist; sourceTree = "<group>"; };
		0A4FAFD01F85E85500A25AFC /* main.m */ = {isa = PBXFileReference; lastKnownFileType = sourcecode.c.objc; path = main.m; sourceTree = "<group>"; };
		0A4FAFD61F85E85500A25AFC /* BookCollectorYamadaTests.xctest */ = {isa = PBXFileReference; explicitFileType = wrapper.cfbundle; includeInIndex = 0; path = BookCollectorYamadaTests.xctest; sourceTree = BUILT_PRODUCTS_DIR; };
		0A4FAFDA1F85E85500A25AFC /* BookCollectorYamadaTests.m */ = {isa = PBXFileReference; lastKnownFileType = sourcecode.c.objc; path = BookCollectorYamadaTests.m; sourceTree = "<group>"; };
		0A4FAFDC1F85E85500A25AFC /* Info.plist */ = {isa = PBXFileReference; lastKnownFileType = text.plist.xml; path = Info.plist; sourceTree = "<group>"; };
		0A4FAFE11F85E85500A25AFC /* BookCollectorYamadaUITests.xctest */ = {isa = PBXFileReference; explicitFileType = wrapper.cfbundle; includeInIndex = 0; path = BookCollectorYamadaUITests.xctest; sourceTree = BUILT_PRODUCTS_DIR; };
		0A4FAFE51F85E85500A25AFC /* BookCollectorYamadaUITests.m */ = {isa = PBXFileReference; lastKnownFileType = sourcecode.c.objc; path = BookCollectorYamadaUITests.m; sourceTree = "<group>"; };
		0A4FAFE71F85E85500A25AFC /* Info.plist */ = {isa = PBXFileReference; lastKnownFileType = text.plist.xml; path = Info.plist; sourceTree = "<group>"; };
		0A587A9C1FC3F9D200A505E2 /* kon_op3.png */ = {isa = PBXFileReference; lastKnownFileType = image.png; name = kon_op3.png; path = "img/こんぺい島OP/kon_op3.png"; sourceTree = SOURCE_ROOT; };
		0A587A9D1FC3F9D200A505E2 /* kon_op1.png */ = {isa = PBXFileReference; lastKnownFileType = image.png; name = kon_op1.png; path = "img/こんぺい島OP/kon_op1.png"; sourceTree = SOURCE_ROOT; };
		0A587A9E1FC3F9D200A505E2 /* kon_op4.png */ = {isa = PBXFileReference; lastKnownFileType = image.png; name = kon_op4.png; path = "img/こんぺい島OP/kon_op4.png"; sourceTree = SOURCE_ROOT; };
		0A587A9F1FC3F9D200A505E2 /* kon_op2.png */ = {isa = PBXFileReference; lastKnownFileType = image.png; name = kon_op2.png; path = "img/こんぺい島OP/kon_op2.png"; sourceTree = SOURCE_ROOT; };
		0A587AA01FC3F9D300A505E2 /* kon_op5.png */ = {isa = PBXFileReference; lastKnownFileType = image.png; name = kon_op5.png; path = "img/こんぺい島OP/kon_op5.png"; sourceTree = SOURCE_ROOT; };
		0A587AA71FC3FA0800A505E2 /* KonpeitouMovieViewController.h */ = {isa = PBXFileReference; lastKnownFileType = sourcecode.c.h; path = KonpeitouMovieViewController.h; sourceTree = "<group>"; };
		0A587AA81FC3FA2500A505E2 /* KonpeitouMovieViewController.m */ = {isa = PBXFileReference; lastKnownFileType = sourcecode.c.objc; path = KonpeitouMovieViewController.m; sourceTree = "<group>"; };
		0A587AAB1FC3FC6C00A505E2 /* t3g.png */ = {isa = PBXFileReference; lastKnownFileType = image.png; name = t3g.png; path = "img/トイレッ島ゴールムービー/t3g.png"; sourceTree = SOURCE_ROOT; };
		0A587AAD1FC3FC6C00A505E2 /* t1g.png */ = {isa = PBXFileReference; lastKnownFileType = image.png; name = t1g.png; path = "img/トイレッ島ゴールムービー/t1g.png"; sourceTree = SOURCE_ROOT; };
		0A587AAE1FC3FC6C00A505E2 /* t4g.png */ = {isa = PBXFileReference; lastKnownFileType = image.png; name = t4g.png; path = "img/トイレッ島ゴールムービー/t4g.png"; sourceTree = SOURCE_ROOT; };
		0A587AB01FC3FC6D00A505E2 /* t2g.png */ = {isa = PBXFileReference; lastKnownFileType = image.png; name = t2g.png; path = "img/トイレッ島ゴールムービー/t2g.png"; sourceTree = SOURCE_ROOT; };
		0A587AB81FC3FC7900A505E2 /* t2s.png */ = {isa = PBXFileReference; lastKnownFileType = image.png; name = t2s.png; path = "img/トイレッ島開始ムービー/t2s.png"; sourceTree = SOURCE_ROOT; };
		0A587AB91FC3FC7A00A505E2 /* t4s.png */ = {isa = PBXFileReference; lastKnownFileType = image.png; name = t4s.png; path = "img/トイレッ島開始ムービー/t4s.png"; sourceTree = SOURCE_ROOT; };
		0A587ABA1FC3FC7A00A505E2 /* t1s.png */ = {isa = PBXFileReference; lastKnownFileType = image.png; name = t1s.png; path = "img/トイレッ島開始ムービー/t1s.png"; sourceTree = SOURCE_ROOT; };
		0A587ABB1FC3FC7A00A505E2 /* t3s.png */ = {isa = PBXFileReference; lastKnownFileType = image.png; name = t3s.png; path = "img/トイレッ島開始ムービー/t3s.png"; sourceTree = SOURCE_ROOT; };
		0A587AC01FC3FE3100A505E2 /* t5g.png */ = {isa = PBXFileReference; lastKnownFileType = image.png; name = t5g.png; path = "img/トイレッ島ゴールムービー/t5g.png"; sourceTree = SOURCE_ROOT; };
		0A587AC11FC3FE3100A505E2 /* t6g.png */ = {isa = PBXFileReference; lastKnownFileType = image.png; name = t6g.png; path = "img/トイレッ島ゴールムービー/t6g.png"; sourceTree = SOURCE_ROOT; };
		0A7D7ED21FC92F8C00CBA86A /* 本棚.png */ = {isa = PBXFileReference; lastKnownFileType = image.png; name = "本棚.png"; path = "img/チュートリアル素材/障害物/本棚.png"; sourceTree = SOURCE_ROOT; };
		0A8976D01F903CD900DB2382 /* plus.png */ = {isa = PBXFileReference; lastKnownFileType = image.png; path = plus.png; sourceTree = "<group>"; };
		0A8976D11F903CDA00DB2382 /* minus.png */ = {isa = PBXFileReference; lastKnownFileType = image.png; path = minus.png; sourceTree = "<group>"; };
		0A8976D81F9593BC00DB2382 /* トイレットペーパー.png */ = {isa = PBXFileReference; lastKnownFileType = image.png; name = "トイレットペーパー.png"; path = "img/トイレ素材/トイレットペーパー.png"; sourceTree = SOURCE_ROOT; };
		0A8976E31F9593D500DB2382 /* トイレッ島.png */ = {isa = PBXFileReference; lastKnownFileType = image.png; name = "トイレッ島.png"; path = "img/トイレ素材/トイレッ島.png"; sourceTree = SOURCE_ROOT; };
		0A9670AF1F9F119500150163 /* TutorialViewController.m */ = {isa = PBXFileReference; lastKnownFileType = sourcecode.c.objc; path = TutorialViewController.m; sourceTree = "<group>"; };
		0A9670B11F9F11A800150163 /* TutorialViewController.h */ = {isa = PBXFileReference; lastKnownFileType = sourcecode.c.h; path = TutorialViewController.h; sourceTree = "<group>"; };
		0AA9898D1FB164E600C21263 /* oji.png */ = {isa = PBXFileReference; lastKnownFileType = image.png; name = oji.png; path = "img/主人公/oji.png"; sourceTree = SOURCE_ROOT; };
		0AAC86231F9EEA4D00EA006B /* k_pi.png */ = {isa = PBXFileReference; lastKnownFileType = image.png; name = k_pi.png; path = "img/金平糖/k_pi.png"; sourceTree = SOURCE_ROOT; };
		0AAC86241F9EEA4D00EA006B /* k_pu.png */ = {isa = PBXFileReference; lastKnownFileType = image.png; name = k_pu.png; path = "img/金平糖/k_pu.png"; sourceTree = SOURCE_ROOT; };
		0AAC86251F9EEA4D00EA006B /* k_gr.png */ = {isa = PBXFileReference; lastKnownFileType = image.png; name = k_gr.png; path = "img/金平糖/k_gr.png"; sourceTree = SOURCE_ROOT; };
		0AAC86261F9EEA4E00EA006B /* k_bl.png */ = {isa = PBXFileReference; lastKnownFileType = image.png; name = k_bl.png; path = "img/金平糖/k_bl.png"; sourceTree = SOURCE_ROOT; };
		0AAC86341F9EEB6000EA006B /* S_こんぺい島.png */ = {isa = PBXFileReference; lastKnownFileType = image.png; name = "S_こんぺい島.png"; path = "img/ステージ選択画面素材/S_こんぺい島.png"; sourceTree = SOURCE_ROOT; };
		0AAC86351F9EEB6000EA006B /* S_トイレッ島.png */ = {isa = PBXFileReference; lastKnownFileType = image.png; name = "S_トイレッ島.png"; path = "img/ステージ選択画面素材/S_トイレッ島.png"; sourceTree = SOURCE_ROOT; };
		0AAC86361F9EEB6000EA006B /* S_本島.png */ = {isa = PBXFileReference; lastKnownFileType = image.png; name = "S_本島.png"; path = "img/ステージ選択画面素材/S_本島.png"; sourceTree = SOURCE_ROOT; };
		0AAC863A1F9EF54A00EA006B /* ステージ選択.png */ = {isa = PBXFileReference; lastKnownFileType = image.png; name = "ステージ選択.png"; path = "img/ステージ選択画面素材/ステージ選択.png"; sourceTree = SOURCE_ROOT; };
		0AAE1E521FE8C80700D2A77B /* No5_2.png */ = {isa = PBXFileReference; lastKnownFileType = image.png; name = No5_2.png; path = "img/チュートリアル開始ムービー/No5_2.png"; sourceTree = SOURCE_ROOT; };
		0AAE1E531FE8C80700D2A77B /* No1_4.png */ = {isa = PBXFileReference; lastKnownFileType = image.png; name = No1_4.png; path = "img/チュートリアル開始ムービー/No1_4.png"; sourceTree = SOURCE_ROOT; };
		0AAE1E541FE8C80700D2A77B /* No1_5.png */ = {isa = PBXFileReference; lastKnownFileType = image.png; name = No1_5.png; path = "img/チュートリアル開始ムービー/No1_5.png"; sourceTree = SOURCE_ROOT; };
		0AAE1E551FE8C80700D2A77B /* No5_1.png */ = {isa = PBXFileReference; lastKnownFileType = image.png; name = No5_1.png; path = "img/チュートリアル開始ムービー/No5_1.png"; sourceTree = SOURCE_ROOT; };
		0AAE1E561FE8C80700D2A77B /* No5_3.png */ = {isa = PBXFileReference; lastKnownFileType = image.png; name = No5_3.png; path = "img/チュートリアル開始ムービー/No5_3.png"; sourceTree = SOURCE_ROOT; };
		0AAE1E571FE8C80700D2A77B /* No2_4.png */ = {isa = PBXFileReference; lastKnownFileType = image.png; name = No2_4.png; path = "img/チュートリアル開始ムービー/No2_4.png"; sourceTree = SOURCE_ROOT; };
		0AAE1E581FE8C80800D2A77B /* No5_4.png */ = {isa = PBXFileReference; lastKnownFileType = image.png; name = No5_4.png; path = "img/チュートリアル開始ムービー/No5_4.png"; sourceTree = SOURCE_ROOT; };
		0AAE1E601FE8D48900D2A77B /* NEWトイレッ島.png */ = {isa = PBXFileReference; lastKnownFileType = image.png; name = "NEWトイレッ島.png"; path = "img/ステージ選択画面素材/NEWトイレッ島.png"; sourceTree = SOURCE_ROOT; };
		0AAE1E611FE8D48900D2A77B /* NEW本島.png */ = {isa = PBXFileReference; lastKnownFileType = image.png; name = "NEW本島.png"; path = "img/ステージ選択画面素材/NEW本島.png"; sourceTree = SOURCE_ROOT; };
		0AAE1E621FE8D48900D2A77B /* NEWこんぺい島.png */ = {isa = PBXFileReference; lastKnownFileType = image.png; name = "NEWこんぺい島.png"; path = "img/ステージ選択画面素材/NEWこんぺい島.png"; sourceTree = SOURCE_ROOT; };
		0AAE1E671FE8F4E300D2A77B /* HToilettouViewController.m */ = {isa = PBXFileReference; lastKnownFileType = sourcecode.c.objc; path = HToilettouViewController.m; sourceTree = "<group>"; };
		0AAE1E691FE8F4EC00D2A77B /* HToilettouViewController.h */ = {isa = PBXFileReference; lastKnownFileType = sourcecode.c.h; path = HToilettouViewController.h; sourceTree = "<group>"; };
		0AAE1E6A1FE8F5D100D2A77B /* HKonpeitouViewController.m */ = {isa = PBXFileReference; lastKnownFileType = sourcecode.c.objc; path = HKonpeitouViewController.m; sourceTree = "<group>"; };
		0AAE1E6C1FE8F5DA00D2A77B /* HKonpeitouViewController.h */ = {isa = PBXFileReference; lastKnownFileType = sourcecode.c.h; path = HKonpeitouViewController.h; sourceTree = "<group>"; };
		0AAE1E6D1FE8FCF600D2A77B /* test2.png */ = {isa = PBXFileReference; lastKnownFileType = image.png; name = test2.png; path = "img/チュートリアル素材/test2.png"; sourceTree = SOURCE_ROOT; };
		0AAE1E6E1FE8FCF700D2A77B /* test1.png */ = {isa = PBXFileReference; lastKnownFileType = image.png; name = test1.png; path = "img/チュートリアル素材/test1.png"; sourceTree = SOURCE_ROOT; };
		0AC48E742020353A008DFC13 /* last6_1.png */ = {isa = PBXFileReference; lastKnownFileType = image.png; name = last6_1.png; path = "img/ラストムービー/last6/last6_1.png"; sourceTree = SOURCE_ROOT; };
		0AC48E752020353A008DFC13 /* last6_3.png */ = {isa = PBXFileReference; lastKnownFileType = image.png; name = last6_3.png; path = "img/ラストムービー/last6/last6_3.png"; sourceTree = SOURCE_ROOT; };
		0AC48E762020353A008DFC13 /* last6_4.png */ = {isa = PBXFileReference; lastKnownFileType = image.png; name = last6_4.png; path = "img/ラストムービー/last6/last6_4.png"; sourceTree = SOURCE_ROOT; };
		0AC48E772020353A008DFC13 /* last6_2.png */ = {isa = PBXFileReference; lastKnownFileType = image.png; name = last6_2.png; path = "img/ラストムービー/last6/last6_2.png"; sourceTree = SOURCE_ROOT; };
		0ADF4FC71FA8095F0058E089 /* 海空.png */ = {isa = PBXFileReference; lastKnownFileType = image.png; name = "海空.png"; path = "img/ステージ選択画面素材/動きつけるための素材/海空.png"; sourceTree = SOURCE_ROOT; };
		0ADF4FC81FA809610058E089 /* キラキラ２.png */ = {isa = PBXFileReference; lastKnownFileType = image.png; name = "キラキラ２.png"; path = "img/ステージ選択画面素材/動きつけるための素材/キラキラ/キラキラ２.png"; sourceTree = SOURCE_ROOT; };
		0ADF4FC91FA809630058E089 /* キラキラ１.png */ = {isa = PBXFileReference; lastKnownFileType = image.png; name = "キラキラ１.png"; path = "img/ステージ選択画面素材/動きつけるための素材/キラキラ/キラキラ１.png"; sourceTree = SOURCE_ROOT; };
		0ADF4FCA1FA809640058E089 /* こんぺい島灰.png */ = {isa = PBXFileReference; lastKnownFileType = image.png; name = "こんぺい島灰.png"; path = "img/ステージ選択画面素材/こんぺい島灰.png"; sourceTree = SOURCE_ROOT; };
		0ADF4FCB1FA809650058E089 /* 雲１.png */ = {isa = PBXFileReference; lastKnownFileType = image.png; name = "雲１.png"; path = "img/ステージ選択画面素材/動きつけるための素材/雲/雲１.png"; sourceTree = SOURCE_ROOT; };
		0ADF4FCC1FA809670058E089 /* 雲２.png */ = {isa = PBXFileReference; lastKnownFileType = image.png; name = "雲２.png"; path = "img/ステージ選択画面素材/動きつけるための素材/雲/雲２.png"; sourceTree = SOURCE_ROOT; };
		0ADF4FCD1FA809680058E089 /* 雲３.png */ = {isa = PBXFileReference; lastKnownFileType = image.png; name = "雲３.png"; path = "img/ステージ選択画面素材/動きつけるための素材/雲/雲３.png"; sourceTree = SOURCE_ROOT; };
		0ADF4FCE1FA809690058E089 /* 雲４.png */ = {isa = PBXFileReference; lastKnownFileType = image.png; name = "雲４.png"; path = "img/ステージ選択画面素材/動きつけるための素材/雲/雲４.png"; sourceTree = SOURCE_ROOT; };
		0ADF4FCF1FA8096B0058E089 /* トイレッ島灰.png */ = {isa = PBXFileReference; lastKnownFileType = image.png; name = "トイレッ島灰.png"; path = "img/ステージ選択画面素材/トイレッ島灰.png"; sourceTree = SOURCE_ROOT; };
		0ADF4FD01FA8096C0058E089 /* 雲５.png */ = {isa = PBXFileReference; lastKnownFileType = image.png; name = "雲５.png"; path = "img/ステージ選択画面素材/動きつけるための素材/雲/雲５.png"; sourceTree = SOURCE_ROOT; };
		0ADF4FDB1FA809EE0058E089 /* StageSelectViewController.m */ = {isa = PBXFileReference; lastKnownFileType = sourcecode.c.objc; path = StageSelectViewController.m; sourceTree = "<group>"; };
		0ADF4FDD1FA80A010058E089 /* StageSelectViewController.h */ = {isa = PBXFileReference; lastKnownFileType = sourcecode.c.h; path = StageSelectViewController.h; sourceTree = "<group>"; };
		0ADF4FDE1FA81AB90058E089 /* heal.png */ = {isa = PBXFileReference; lastKnownFileType = image.png; name = heal.png; path = "img/アイテム/heal.png"; sourceTree = SOURCE_ROOT; };
		0ADF4FDF1FA81AB90058E089 /* heart.png */ = {isa = PBXFileReference; lastKnownFileType = image.png; name = heart.png; path = "img/アイテム/heart.png"; sourceTree = SOURCE_ROOT; };
		0ADF4FEA1FA84DE50058E089 /* HontouViewController.m */ = {isa = PBXFileReference; lastKnownFileType = sourcecode.c.objc; path = HontouViewController.m; sourceTree = "<group>"; };
		0ADF4FEC1FA84DFA0058E089 /* HontouViewController.h */ = {isa = PBXFileReference; lastKnownFileType = sourcecode.c.h; path = HontouViewController.h; sourceTree = "<group>"; };
		0ADF4FED1FA84FFB0058E089 /* チュートリアル背景.png */ = {isa = PBXFileReference; lastKnownFileType = image.png; name = "チュートリアル背景.png"; path = "img/チュートリアル素材/チュートリアル背景.png"; sourceTree = SOURCE_ROOT; };
		0ADF4FEF1FA856FA0058E089 /* 画面サイズ.png */ = {isa = PBXFileReference; lastKnownFileType = image.png; name = "画面サイズ.png"; path = "img/画面サイズ.png"; sourceTree = SOURCE_ROOT; };
		0ADF4FF21FA860D60058E089 /* hon_r.png */ = {isa = PBXFileReference; lastKnownFileType = image.png; name = hon_r.png; path = "img/本島/hon_r.png"; sourceTree = SOURCE_ROOT; };
		0ADF4FF31FA860D60058E089 /* hon_b.png */ = {isa = PBXFileReference; lastKnownFileType = image.png; name = hon_b.png; path = "img/本島/hon_b.png"; sourceTree = SOURCE_ROOT; };
		0ADF4FF41FA860D60058E089 /* 本島.png */ = {isa = PBXFileReference; lastKnownFileType = image.png; name = "本島.png"; path = "img/本島/本島.png"; sourceTree = SOURCE_ROOT; };
		0AF79B8A1F9ECF0000BA0DAF /* KonpeitouViewController.m */ = {isa = PBXFileReference; lastKnownFileType = sourcecode.c.objc; path = KonpeitouViewController.m; sourceTree = "<group>"; };
		0AF79B8C1F9ECF1300BA0DAF /* KonpeitouViewController.h */ = {isa = PBXFileReference; lastKnownFileType = sourcecode.c.h; path = KonpeitouViewController.h; sourceTree = "<group>"; };
		0AF79B8D1F9ECF7800BA0DAF /* ToilettouViewController.m */ = {isa = PBXFileReference; lastKnownFileType = sourcecode.c.objc; path = ToilettouViewController.m; sourceTree = "<group>"; };
		0AF79B8F1F9ECF8C00BA0DAF /* ToilettouViewController.h */ = {isa = PBXFileReference; lastKnownFileType = sourcecode.c.h; path = ToilettouViewController.h; sourceTree = "<group>"; };
		0AFEE6591FECAAAD00BB7608 /* SMCMovieViewController.m */ = {isa = PBXFileReference; lastKnownFileType = sourcecode.c.objc; path = SMCMovieViewController.m; sourceTree = "<group>"; };
		0AFEE65B1FECAAB600BB7608 /* SMCMovieViewController.h */ = {isa = PBXFileReference; lastKnownFileType = sourcecode.c.h; path = SMCMovieViewController.h; sourceTree = "<group>"; };
		0AFEE65C200DAE1500BB7608 /* hard.png */ = {isa = PBXFileReference; lastKnownFileType = image.png; name = hard.png; path = "img/ボタン/hard.png"; sourceTree = SOURCE_ROOT; };
		0AFEE65D200DAE1500BB7608 /* skip.png */ = {isa = PBXFileReference; lastKnownFileType = image.png; name = skip.png; path = "img/ボタン/skip.png"; sourceTree = SOURCE_ROOT; };
		0AFEE65E200DAE1600BB7608 /* normal.png */ = {isa = PBXFileReference; lastKnownFileType = image.png; name = normal.png; path = "img/ボタン/normal.png"; sourceTree = SOURCE_ROOT; };
		0AFEE665200DAE4900BB7608 /* noimage.png */ = {isa = PBXFileReference; lastKnownFileType = image.png; name = noimage.png; path = "img/コレクション/noimage.png"; sourceTree = SOURCE_ROOT; };
		0AFEE666200DAE4900BB7608 /* gallery.png */ = {isa = PBXFileReference; lastKnownFileType = image.png; name = gallery.png; path = "img/コレクション/gallery.png"; sourceTree = SOURCE_ROOT; };
		0AFEE669200DAE7D00BB7608 /* No6_2.png */ = {isa = PBXFileReference; lastKnownFileType = image.png; name = No6_2.png; path = "img/チュートリアル開始ムービー/No6_2.png"; sourceTree = SOURCE_ROOT; };
		0AFEE66A200DAE7D00BB7608 /* No4_1.png */ = {isa = PBXFileReference; lastKnownFileType = image.png; name = No4_1.png; path = "img/チュートリアル開始ムービー/No4_1.png"; sourceTree = SOURCE_ROOT; };
		0AFEE66B200DAE7D00BB7608 /* No6_3.png */ = {isa = PBXFileReference; lastKnownFileType = image.png; name = No6_3.png; path = "img/チュートリアル開始ムービー/No6_3.png"; sourceTree = SOURCE_ROOT; };
		0AFEE66C200DAE7D00BB7608 /* No4_3.png */ = {isa = PBXFileReference; lastKnownFileType = image.png; name = No4_3.png; path = "img/チュートリアル開始ムービー/No4_3.png"; sourceTree = SOURCE_ROOT; };
		0AFEE66D200DAE7D00BB7608 /* No4_2.png */ = {isa = PBXFileReference; lastKnownFileType = image.png; name = No4_2.png; path = "img/チュートリアル開始ムービー/No4_2.png"; sourceTree = SOURCE_ROOT; };
		0AFEE66E200DAE7D00BB7608 /* No6_1.png */ = {isa = PBXFileReference; lastKnownFileType = image.png; name = No6_1.png; path = "img/チュートリアル開始ムービー/No6_1.png"; sourceTree = SOURCE_ROOT; };
		0AFEE66F200DAE7D00BB7608 /* No4_4.png */ = {isa = PBXFileReference; lastKnownFileType = image.png; name = No4_4.png; path = "img/チュートリアル開始ムービー/No4_4.png"; sourceTree = SOURCE_ROOT; };
		0AFEE670200DAE7D00BB7608 /* No2_5.png */ = {isa = PBXFileReference; lastKnownFileType = image.png; name = No2_5.png; path = "img/チュートリアル開始ムービー/No2_5.png"; sourceTree = SOURCE_ROOT; };
		0AFEE679200DAFC400BB7608 /* hardNew.png */ = {isa = PBXFileReference; lastKnownFileType = image.png; name = hardNew.png; path = "img/ボタン/hardNew.png"; sourceTree = SOURCE_ROOT; };
/* End PBXFileReference section */

/* Begin PBXFrameworksBuildPhase section */
		0A4FAFBB1F85E85500A25AFC /* Frameworks */ = {
			isa = PBXFrameworksBuildPhase;
			buildActionMask = 2147483647;
			files = (
			);
			runOnlyForDeploymentPostprocessing = 0;
		};
		0A4FAFD31F85E85500A25AFC /* Frameworks */ = {
			isa = PBXFrameworksBuildPhase;
			buildActionMask = 2147483647;
			files = (
			);
			runOnlyForDeploymentPostprocessing = 0;
		};
		0A4FAFDE1F85E85500A25AFC /* Frameworks */ = {
			isa = PBXFrameworksBuildPhase;
			buildActionMask = 2147483647;
			files = (
			);
			runOnlyForDeploymentPostprocessing = 0;
		};
/* End PBXFrameworksBuildPhase section */

/* Begin PBXGroup section */
		0A021BA71FD6715C008EFF31 /* ゴールムービー */ = {
			isa = PBXGroup;
			children = (
				0A021BAB1FD67195008EFF31 /* kon_ed1.png */,
				0A021BAD1FD67195008EFF31 /* kon_ed2.png */,
				0A021BB21FD67195008EFF31 /* kon_ed3.png */,
				0A021BA91FD67195008EFF31 /* kon_ed4.png */,
				0A021BAA1FD67195008EFF31 /* kon_ed5.png */,
				0A021BAF1FD67195008EFF31 /* kon_ed6.png */,
				0A021BA81FD67195008EFF31 /* kon_ed7.png */,
				0A021BB01FD67195008EFF31 /* kon_ed8.png */,
				0A021BB11FD67195008EFF31 /* kon_ed9.png */,
				0A021BAE1FD67195008EFF31 /* kon_ed10.png */,
				0A021BAC1FD67195008EFF31 /* kon_ed11.png */,
				0A44707D2016FFF800AA6F3D /* after1_1.png */,
				0A4470792016FFF700AA6F3D /* after1_2.png */,
				0A44707B2016FFF800AA6F3D /* after1_3.png */,
				0A4470782016FFF700AA6F3D /* after1_4.png */,
				0A44707E2016FFF900AA6F3D /* after1_5.png */,
				0A44707A2016FFF700AA6F3D /* after1_6.png */,
				0A44707F2016FFF900AA6F3D /* after1_7.png */,
			);
			name = "ゴールムービー";
			sourceTree = "<group>";
		};
		0A3C40861FDF9654003E7D21 /* 開始ムービー */ = {
			isa = PBXGroup;
			children = (
				0A3C40911FDF96D1003E7D21 /* No1_1.png */,
				0A3C408A1FDF96D0003E7D21 /* No1_2.png */,
				0A3C40881FDF96D0003E7D21 /* No1_3.png */,
				0AAE1E531FE8C80700D2A77B /* No1_4.png */,
				0AAE1E541FE8C80700D2A77B /* No1_5.png */,
				0A3C408D1FDF96D1003E7D21 /* No2_1.png */,
				0A3C408E1FDF96D1003E7D21 /* No2_2.png */,
				0A3C408B1FDF96D0003E7D21 /* No2_3.png */,
				0AAE1E571FE8C80700D2A77B /* No2_4.png */,
				0AFEE670200DAE7D00BB7608 /* No2_5.png */,
				0A3C40871FDF96D0003E7D21 /* No3_1.png */,
				0A3C40891FDF96D0003E7D21 /* No3_2.png */,
				0A3C408F1FDF96D1003E7D21 /* No3_3.png */,
				0A3C408C1FDF96D1003E7D21 /* No3_4.png */,
				0A3C40901FDF96D1003E7D21 /* No3_5.png */,
				0AFEE66A200DAE7D00BB7608 /* No4_1.png */,
				0AFEE66D200DAE7D00BB7608 /* No4_2.png */,
				0AFEE66C200DAE7D00BB7608 /* No4_3.png */,
				0AFEE66F200DAE7D00BB7608 /* No4_4.png */,
				0AAE1E551FE8C80700D2A77B /* No5_1.png */,
				0AAE1E521FE8C80700D2A77B /* No5_2.png */,
				0AAE1E561FE8C80700D2A77B /* No5_3.png */,
				0AAE1E581FE8C80800D2A77B /* No5_4.png */,
				0AFEE66E200DAE7D00BB7608 /* No6_1.png */,
				0AFEE669200DAE7D00BB7608 /* No6_2.png */,
				0AFEE66B200DAE7D00BB7608 /* No6_3.png */,
			);
			name = "開始ムービー";
			sourceTree = "<group>";
		};
		0A3C409D1FDF96D7003E7D21 /* ボタン */ = {
			isa = PBXGroup;
			children = (
				0A3C409F1FDF96EA003E7D21 /* hajimekara.png */,
				0A3C409E1FDF96EA003E7D21 /* modoru.png */,
				0A3C40A01FDF96EA003E7D21 /* tuduki.png */,
				0AFEE65C200DAE1500BB7608 /* hard.png */,
				0AFEE65E200DAE1600BB7608 /* normal.png */,
				0AFEE65D200DAE1500BB7608 /* skip.png */,
				0AFEE679200DAFC400BB7608 /* hardNew.png */,
			);
			name = "ボタン";
			sourceTree = "<group>";
		};
		0A3C40A61FDFA9F5003E7D21 /* 素材 */ = {
			isa = PBXGroup;
			children = (
				0AAC86261F9EEA4E00EA006B /* k_bl.png */,
				0A11BE141FBA8EB2005D7B1F /* こんぺい島.png */,
				0AAC86251F9EEA4D00EA006B /* k_gr.png */,
				0AAC86231F9EEA4D00EA006B /* k_pi.png */,
				0AAC86241F9EEA4D00EA006B /* k_pu.png */,
			);
			name = "素材";
			sourceTree = "<group>";
		};
		0A3C40A71FDFAA05003E7D21 /* src */ = {
			isa = PBXGroup;
			children = (
				0AF79B8A1F9ECF0000BA0DAF /* KonpeitouViewController.m */,
				0AF79B8C1F9ECF1300BA0DAF /* KonpeitouViewController.h */,
				0AAE1E6A1FE8F5D100D2A77B /* HKonpeitouViewController.m */,
				0AAE1E6C1FE8F5DA00D2A77B /* HKonpeitouViewController.h */,
				0A587AA81FC3FA2500A505E2 /* KonpeitouMovieViewController.m */,
				0A587AA71FC3FA0800A505E2 /* KonpeitouMovieViewController.h */,
			);
			name = src;
			sourceTree = "<group>";
		};
		0A3C40A81FDFAA2D003E7D21 /* 素材 */ = {
			isa = PBXGroup;
			children = (
				0A11BE281FBABFE6005D7B1F /* うんこ.png */,
				0A8976D81F9593BC00DB2382 /* トイレットペーパー.png */,
				0A8976E31F9593D500DB2382 /* トイレッ島.png */,
			);
			name = "素材";
			sourceTree = "<group>";
		};
		0A3C40A91FDFAA3E003E7D21 /* src */ = {
			isa = PBXGroup;
			children = (
				0AF79B8D1F9ECF7800BA0DAF /* ToilettouViewController.m */,
				0AF79B8F1F9ECF8C00BA0DAF /* ToilettouViewController.h */,
				0AAE1E671FE8F4E300D2A77B /* HToilettouViewController.m */,
				0AAE1E691FE8F4EC00D2A77B /* HToilettouViewController.h */,
				0A11BE121FBA8607005D7B1F /* ToilettoumovieViewController.m */,
				0A11BE111FBA85FA005D7B1F /* ToilettoumovieViewController.h */,
			);
			name = src;
			sourceTree = "<group>";
		};
		0A3C40AA1FDFAA53003E7D21 /* 素材 */ = {
			isa = PBXGroup;
			children = (
				0ADF4FF31FA860D60058E089 /* hon_b.png */,
				0ADF4FF21FA860D60058E089 /* hon_r.png */,
				0ADF4FF41FA860D60058E089 /* 本島.png */,
			);
			name = "素材";
			sourceTree = "<group>";
		};
		0A3C40AB1FDFAA61003E7D21 /* src */ = {
			isa = PBXGroup;
			children = (
				0ADF4FEA1FA84DE50058E089 /* HontouViewController.m */,
				0ADF4FEC1FA84DFA0058E089 /* HontouViewController.h */,
				0A021BBE1FD6729F008EFF31 /* HontouMovieViewController.m */,
				0A021BC01FD672A7008EFF31 /* HontouMovieViewController.h */,
			);
			name = src;
			sourceTree = "<group>";
		};
		0A3C40AC1FDFAA73003E7D21 /* 素材 */ = {
			isa = PBXGroup;
			children = (
				0ADF4FED1FA84FFB0058E089 /* チュートリアル背景.png */,
				0A7D7ED21FC92F8C00CBA86A /* 本棚.png */,
				0A2C8EC81FCD43F200712259 /* 本.png */,
				0AAE1E6E1FE8FCF700D2A77B /* test1.png */,
				0AAE1E6D1FE8FCF600D2A77B /* test2.png */,
			);
			name = "素材";
			sourceTree = "<group>";
		};
		0A3C40AD1FDFAA81003E7D21 /* src */ = {
			isa = PBXGroup;
			children = (
				0A9670AF1F9F119500150163 /* TutorialViewController.m */,
				0A9670B11F9F11A800150163 /* TutorialViewController.h */,
				0A021BC11FD6742D008EFF31 /* TutorialMovieViewController.m */,
				0A021BC31FD67438008EFF31 /* TutorialMovieViewController.h */,
			);
			name = src;
			sourceTree = "<group>";
		};
		0A3C40AE1FDFAA95003E7D21 /* 素材 */ = {
			isa = PBXGroup;
			children = (
				0ADF4FC91FA809630058E089 /* キラキラ１.png */,
				0ADF4FC81FA809610058E089 /* キラキラ２.png */,
				0ADF4FCA1FA809640058E089 /* こんぺい島灰.png */,
				0ADF4FCF1FA8096B0058E089 /* トイレッ島灰.png */,
				0A3C40A41FDFA7A2003E7D21 /* 本島灰.png */,
				0AAE1E621FE8D48900D2A77B /* NEWこんぺい島.png */,
				0AAE1E601FE8D48900D2A77B /* NEWトイレッ島.png */,
				0AAE1E611FE8D48900D2A77B /* NEW本島.png */,
				0ADF4FCB1FA809650058E089 /* 雲１.png */,
				0ADF4FCC1FA809670058E089 /* 雲２.png */,
				0ADF4FCD1FA809680058E089 /* 雲３.png */,
				0ADF4FCE1FA809690058E089 /* 雲４.png */,
				0ADF4FD01FA8096C0058E089 /* 雲５.png */,
				0ADF4FC71FA8095F0058E089 /* 海空.png */,
				0AAC863A1F9EF54A00EA006B /* ステージ選択.png */,
				0AAC86341F9EEB6000EA006B /* S_こんぺい島.png */,
				0AAC86351F9EEB6000EA006B /* S_トイレッ島.png */,
				0AAC86361F9EEB6000EA006B /* S_本島.png */,
			);
			name = "素材";
			sourceTree = "<group>";
		};
		0A3C40AF1FDFAABC003E7D21 /* src */ = {
			isa = PBXGroup;
			children = (
				0ADF4FDB1FA809EE0058E089 /* StageSelectViewController.m */,
				0ADF4FDD1FA80A010058E089 /* StageSelectViewController.h */,
			);
			name = src;
			sourceTree = "<group>";
		};
		0A4FAFB51F85E85500A25AFC = {
			isa = PBXGroup;
			children = (
				0A4FAFC01F85E85500A25AFC /* BookCollectorYamada */,
				0A4FAFD91F85E85500A25AFC /* BookCollectorYamadaTests */,
				0A4FAFE41F85E85500A25AFC /* BookCollectorYamadaUITests */,
				0A4FAFBF1F85E85500A25AFC /* Products */,
			);
			sourceTree = "<group>";
		};
		0A4FAFBF1F85E85500A25AFC /* Products */ = {
			isa = PBXGroup;
			children = (
				0A4FAFBE1F85E85500A25AFC /* BookCollectorYamada.app */,
				0A4FAFD61F85E85500A25AFC /* BookCollectorYamadaTests.xctest */,
				0A4FAFE11F85E85500A25AFC /* BookCollectorYamadaUITests.xctest */,
			);
			name = Products;
			sourceTree = "<group>";
		};
		0A4FAFC01F85E85500A25AFC /* BookCollectorYamada */ = {
			isa = PBXGroup;
			children = (
				0ADF4FE91FA84BCD0058E089 /* チュートリアル */,
				0AAC86221F9EEA1200EA006B /* ステージ選択 */,
				0ADF4FF11FA860B20058E089 /* 本島 */,
				0ACF4FC31F8CAA55005D6A20 /* トイレッ島 */,
				0A8976E51F9593ED00DB2382 /* こんぺい島 */,
				0AFEE6551FECAA0700BB7608 /* StaeMovieCollection */,
				0AAE1E661FE8E80B00D2A77B /* その他素材 */,
				0ADF4FEF1FA856FA0058E089 /* 画面サイズ.png */,
				0A4FAFC11F85E85500A25AFC /* AppDelegate.h */,
				0A4FAFC21F85E85500A25AFC /* AppDelegate.m */,
				0A4FAFC41F85E85500A25AFC /* ViewController.h */,
				0A4FAFC51F85E85500A25AFC /* ViewController.m */,
				0A4FAFC71F85E85500A25AFC /* Main.storyboard */,
				0A4FAFCA1F85E85500A25AFC /* Assets.xcassets */,
				0A4FAFCC1F85E85500A25AFC /* LaunchScreen.storyboard */,
				0A4FAFCF1F85E85500A25AFC /* Info.plist */,
				0A4FAFD01F85E85500A25AFC /* main.m */,
			);
			path = BookCollectorYamada;
			sourceTree = "<group>";
		};
		0A4FAFD91F85E85500A25AFC /* BookCollectorYamadaTests */ = {
			isa = PBXGroup;
			children = (
				0A4FAFDA1F85E85500A25AFC /* BookCollectorYamadaTests.m */,
				0A4FAFDC1F85E85500A25AFC /* Info.plist */,
			);
			path = BookCollectorYamadaTests;
			sourceTree = "<group>";
		};
		0A4FAFE41F85E85500A25AFC /* BookCollectorYamadaUITests */ = {
			isa = PBXGroup;
			children = (
				0A4FAFE51F85E85500A25AFC /* BookCollectorYamadaUITests.m */,
				0A4FAFE71F85E85500A25AFC /* Info.plist */,
			);
			path = BookCollectorYamadaUITests;
			sourceTree = "<group>";
		};
		0A587A9A1FC3F80300A505E2 /* 開始ムービー */ = {
			isa = PBXGroup;
			children = (
				0A587ABA1FC3FC7A00A505E2 /* t1s.png */,
				0A587AB81FC3FC7900A505E2 /* t2s.png */,
				0A587ABB1FC3FC7A00A505E2 /* t3s.png */,
				0A587AB91FC3FC7A00A505E2 /* t4s.png */,
			);
			name = "開始ムービー";
			sourceTree = "<group>";
		};
		0A587A9B1FC3F82900A505E2 /* 終了ムービー */ = {
			isa = PBXGroup;
			children = (
				0A587AAD1FC3FC6C00A505E2 /* t1g.png */,
				0A587AB01FC3FC6D00A505E2 /* t2g.png */,
				0A587AAB1FC3FC6C00A505E2 /* t3g.png */,
				0A587AAE1FC3FC6C00A505E2 /* t4g.png */,
				0A587AC01FC3FE3100A505E2 /* t5g.png */,
				0A587AC11FC3FE3100A505E2 /* t6g.png */,
				0A44707C2016FFF800AA6F3D /* after1_8.png */,
			);
			name = "終了ムービー";
			sourceTree = "<group>";
		};
		0A587AA61FC3F9D700A505E2 /* 開始ムービー */ = {
			isa = PBXGroup;
			children = (
				0A587A9D1FC3F9D200A505E2 /* kon_op1.png */,
				0A587A9F1FC3F9D200A505E2 /* kon_op2.png */,
				0A587A9C1FC3F9D200A505E2 /* kon_op3.png */,
				0A587A9E1FC3F9D200A505E2 /* kon_op4.png */,
				0A587AA01FC3F9D300A505E2 /* kon_op5.png */,
			);
			name = "開始ムービー";
			sourceTree = "<group>";
		};
		0A8976D61F903CDF00DB2382 /* アイテム */ = {
			isa = PBXGroup;
			children = (
				0ADF4FDE1FA81AB90058E089 /* heal.png */,
				0ADF4FDF1FA81AB90058E089 /* heart.png */,
				0A8976D11F903CDA00DB2382 /* minus.png */,
				0A8976D01F903CD900DB2382 /* plus.png */,
			);
			name = "アイテム";
			sourceTree = "<group>";
		};
		0A8976E51F9593ED00DB2382 /* こんぺい島 */ = {
			isa = PBXGroup;
			children = (
				0A3C40A71FDFAA05003E7D21 /* src */,
				0A021BA71FD6715C008EFF31 /* ゴールムービー */,
				0A587AA61FC3F9D700A505E2 /* 開始ムービー */,
				0A3C40A61FDFA9F5003E7D21 /* 素材 */,
			);
			name = "こんぺい島";
			sourceTree = "<group>";
		};
		0AAC86221F9EEA1200EA006B /* ステージ選択 */ = {
			isa = PBXGroup;
			children = (
				0A3C40AF1FDFAABC003E7D21 /* src */,
				0A3C40AE1FDFAA95003E7D21 /* 素材 */,
			);
			name = "ステージ選択";
			sourceTree = "<group>";
		};
		0AAC86331F9EEA7D00EA006B /* 主人公 */ = {
			isa = PBXGroup;
			children = (
				0AA9898D1FB164E600C21263 /* oji.png */,
				0A3C407B1FDF8EDE003E7D21 /* butukaru.png */,
				0A3C40791FDF8EDE003E7D21 /* dash1.png */,
				0A3C407A1FDF8EDE003E7D21 /* dash2.png */,
				0A3C407C1FDF8EDE003E7D21 /* jump.png */,
				0A3C407D1FDF8EDE003E7D21 /* kaihuku.png */,
			);
			name = "主人公";
			sourceTree = "<group>";
		};
		0AAE1E661FE8E80B00D2A77B /* その他素材 */ = {
			isa = PBXGroup;
			children = (
				0A3C409D1FDF96D7003E7D21 /* ボタン */,
				0AAC86331F9EEA7D00EA006B /* 主人公 */,
				0A8976D61F903CDF00DB2382 /* アイテム */,
			);
			name = "その他素材";
			sourceTree = "<group>";
		};
		0AC48E7320203518008DFC13 /* ラストムービー */ = {
			isa = PBXGroup;
			children = (
				0AC48E742020353A008DFC13 /* last6_1.png */,
				0AC48E772020353A008DFC13 /* last6_2.png */,
				0AC48E752020353A008DFC13 /* last6_3.png */,
				0AC48E762020353A008DFC13 /* last6_4.png */,
			);
			name = "ラストムービー";
			sourceTree = "<group>";
		};
		0ACF4FC31F8CAA55005D6A20 /* トイレッ島 */ = {
			isa = PBXGroup;
			children = (
				0A3C40A91FDFAA3E003E7D21 /* src */,
				0A587A9B1FC3F82900A505E2 /* 終了ムービー */,
				0A587A9A1FC3F80300A505E2 /* 開始ムービー */,
				0A3C40A81FDFAA2D003E7D21 /* 素材 */,
			);
			name = "トイレッ島";
			sourceTree = "<group>";
		};
		0ADF4FE91FA84BCD0058E089 /* チュートリアル */ = {
			isa = PBXGroup;
			children = (
				0A3C40AD1FDFAA81003E7D21 /* src */,
				0A3C40AC1FDFAA73003E7D21 /* 素材 */,
				0A3C40861FDF9654003E7D21 /* 開始ムービー */,
			);
			name = "チュートリアル";
			sourceTree = "<group>";
		};
		0ADF4FF11FA860B20058E089 /* 本島 */ = {
			isa = PBXGroup;
			children = (
				0A3C40AB1FDFAA61003E7D21 /* src */,
				0AC48E7320203518008DFC13 /* ラストムービー */,
				0A3C40AA1FDFAA53003E7D21 /* 素材 */,
			);
			name = "本島";
			sourceTree = "<group>";
		};
		0AFEE6551FECAA0700BB7608 /* StaeMovieCollection */ = {
			isa = PBXGroup;
			children = (
				0AFEE664200DAE3200BB7608 /* 素材 */,
				0AFEE6561FECAA2800BB7608 /* src */,
			);
			name = StaeMovieCollection;
			sourceTree = "<group>";
		};
		0AFEE6561FECAA2800BB7608 /* src */ = {
			isa = PBXGroup;
			children = (
				0A3C40831FDF92CE003E7D21 /* SMCollectionViewController.m */,
				0A3C40851FDF92D6003E7D21 /* SMCollectionViewController.h */,
				0AFEE6591FECAAAD00BB7608 /* SMCMovieViewController.m */,
				0AFEE65B1FECAAB600BB7608 /* SMCMovieViewController.h */,
			);
			name = src;
			sourceTree = "<group>";
		};
		0AFEE664200DAE3200BB7608 /* 素材 */ = {
			isa = PBXGroup;
			children = (
				0AFEE666200DAE4900BB7608 /* gallery.png */,
				0AFEE665200DAE4900BB7608 /* noimage.png */,
			);
			name = "素材";
			sourceTree = "<group>";
		};
/* End PBXGroup section */

/* Begin PBXNativeTarget section */
		0A4FAFBD1F85E85500A25AFC /* BookCollectorYamada */ = {
			isa = PBXNativeTarget;
			buildConfigurationList = 0A4FAFEA1F85E85500A25AFC /* Build configuration list for PBXNativeTarget "BookCollectorYamada" */;
			buildPhases = (
				0A4FAFBA1F85E85500A25AFC /* Sources */,
				0A4FAFBB1F85E85500A25AFC /* Frameworks */,
				0A4FAFBC1F85E85500A25AFC /* Resources */,
			);
			buildRules = (
			);
			dependencies = (
			);
			name = BookCollectorYamada;
			productName = BookCollectorYamada;
			productReference = 0A4FAFBE1F85E85500A25AFC /* BookCollectorYamada.app */;
			productType = "com.apple.product-type.application";
		};
		0A4FAFD51F85E85500A25AFC /* BookCollectorYamadaTests */ = {
			isa = PBXNativeTarget;
			buildConfigurationList = 0A4FAFED1F85E85500A25AFC /* Build configuration list for PBXNativeTarget "BookCollectorYamadaTests" */;
			buildPhases = (
				0A4FAFD21F85E85500A25AFC /* Sources */,
				0A4FAFD31F85E85500A25AFC /* Frameworks */,
				0A4FAFD41F85E85500A25AFC /* Resources */,
			);
			buildRules = (
			);
			dependencies = (
				0A4FAFD81F85E85500A25AFC /* PBXTargetDependency */,
			);
			name = BookCollectorYamadaTests;
			productName = BookCollectorYamadaTests;
			productReference = 0A4FAFD61F85E85500A25AFC /* BookCollectorYamadaTests.xctest */;
			productType = "com.apple.product-type.bundle.unit-test";
		};
		0A4FAFE01F85E85500A25AFC /* BookCollectorYamadaUITests */ = {
			isa = PBXNativeTarget;
			buildConfigurationList = 0A4FAFF01F85E85500A25AFC /* Build configuration list for PBXNativeTarget "BookCollectorYamadaUITests" */;
			buildPhases = (
				0A4FAFDD1F85E85500A25AFC /* Sources */,
				0A4FAFDE1F85E85500A25AFC /* Frameworks */,
				0A4FAFDF1F85E85500A25AFC /* Resources */,
			);
			buildRules = (
			);
			dependencies = (
				0A4FAFE31F85E85500A25AFC /* PBXTargetDependency */,
			);
			name = BookCollectorYamadaUITests;
			productName = BookCollectorYamadaUITests;
			productReference = 0A4FAFE11F85E85500A25AFC /* BookCollectorYamadaUITests.xctest */;
			productType = "com.apple.product-type.bundle.ui-testing";
		};
/* End PBXNativeTarget section */

/* Begin PBXProject section */
		0A4FAFB61F85E85500A25AFC /* Project object */ = {
			isa = PBXProject;
			attributes = {
				LastUpgradeCheck = 0900;
				ORGANIZATIONNAME = MobileApp;
				TargetAttributes = {
					0A4FAFBD1F85E85500A25AFC = {
						CreatedOnToolsVersion = 9.0;
						ProvisioningStyle = Automatic;
					};
					0A4FAFD51F85E85500A25AFC = {
						CreatedOnToolsVersion = 9.0;
						ProvisioningStyle = Automatic;
						TestTargetID = 0A4FAFBD1F85E85500A25AFC;
					};
					0A4FAFE01F85E85500A25AFC = {
						CreatedOnToolsVersion = 9.0;
						ProvisioningStyle = Automatic;
						TestTargetID = 0A4FAFBD1F85E85500A25AFC;
					};
				};
			};
			buildConfigurationList = 0A4FAFB91F85E85500A25AFC /* Build configuration list for PBXProject "BookCollectorYamada" */;
			compatibilityVersion = "Xcode 8.0";
			developmentRegion = en;
			hasScannedForEncodings = 0;
			knownRegions = (
				en,
				Base,
			);
			mainGroup = 0A4FAFB51F85E85500A25AFC;
			productRefGroup = 0A4FAFBF1F85E85500A25AFC /* Products */;
			projectDirPath = "";
			projectRoot = "";
			targets = (
				0A4FAFBD1F85E85500A25AFC /* BookCollectorYamada */,
				0A4FAFD51F85E85500A25AFC /* BookCollectorYamadaTests */,
				0A4FAFE01F85E85500A25AFC /* BookCollectorYamadaUITests */,
			);
		};
/* End PBXProject section */

/* Begin PBXResourcesBuildPhase section */
		0A4FAFBC1F85E85500A25AFC /* Resources */ = {
			isa = PBXResourcesBuildPhase;
			buildActionMask = 2147483647;
			files = (
				0AFEE662200DAE1600BB7608 /* normal.png in Resources */,
				0A3C40A21FDF96EA003E7D21 /* hajimekara.png in Resources */,
				0AAE1E5E1FE8C80800D2A77B /* No2_4.png in Resources */,
				0AA9898E1FB164E600C21263 /* oji.png in Resources */,
				0AAE1E701FE8FCF700D2A77B /* test1.png in Resources */,
				0A587AB51FC3FC6D00A505E2 /* t4g.png in Resources */,
				0ADF4FE11FA81AB90058E089 /* heart.png in Resources */,
				0A587AB21FC3FC6D00A505E2 /* t3g.png in Resources */,
				0AAC86291F9EEA4E00EA006B /* k_gr.png in Resources */,
				0A7D7ED31FC92F8C00CBA86A /* 本棚.png in Resources */,
				0AFEE667200DAE4900BB7608 /* noimage.png in Resources */,
				0AC48E7A2020353A008DFC13 /* last6_4.png in Resources */,
				0AAE1E5C1FE8C80800D2A77B /* No5_1.png in Resources */,
				0AAE1E591FE8C80800D2A77B /* No5_2.png in Resources */,
				0A587AC31FC3FE3100A505E2 /* t6g.png in Resources */,
				0ADF4FD11FA8096D0058E089 /* 海空.png in Resources */,
				0A3C40A31FDF96EA003E7D21 /* tuduki.png in Resources */,
				0A3C409B1FDF96D1003E7D21 /* No3_5.png in Resources */,
				0AAE1E5B1FE8C80800D2A77B /* No1_5.png in Resources */,
				0A4FAFCE1F85E85500A25AFC /* LaunchScreen.storyboard in Resources */,
				0A587AB41FC3FC6D00A505E2 /* t1g.png in Resources */,
				0A021BB71FD67195008EFF31 /* kon_ed11.png in Resources */,
				0A021BB41FD67195008EFF31 /* kon_ed4.png in Resources */,
				0ADF4FD51FA8096D0058E089 /* 雲１.png in Resources */,
				0AC48E7B2020353A008DFC13 /* last6_2.png in Resources */,
				0A3C40991FDF96D1003E7D21 /* No2_2.png in Resources */,
				0AAC86381F9EEB6000EA006B /* S_トイレッ島.png in Resources */,
				0A4470842016FFF900AA6F3D /* after1_8.png in Resources */,
				0A3C40921FDF96D1003E7D21 /* No3_1.png in Resources */,
				0AAC86391F9EEB6000EA006B /* S_本島.png in Resources */,
				0ADF4FD61FA8096D0058E089 /* 雲２.png in Resources */,
				0AFEE660200DAE1600BB7608 /* hard.png in Resources */,
				0A021BB31FD67195008EFF31 /* kon_ed7.png in Resources */,
				0AAE1E6F1FE8FCF700D2A77B /* test2.png in Resources */,
				0A4FAFCB1F85E85500A25AFC /* Assets.xcassets in Resources */,
				0A3C40961FDF96D1003E7D21 /* No2_3.png in Resources */,
				0A587AA11FC3F9D300A505E2 /* kon_op3.png in Resources */,
				0A3C40821FDF8EDF003E7D21 /* kaihuku.png in Resources */,
				0A4FAFC91F85E85500A25AFC /* Main.storyboard in Resources */,
				0A587ABC1FC3FC7A00A505E2 /* t2s.png in Resources */,
				0AC48E782020353A008DFC13 /* last6_1.png in Resources */,
				0AAE1E641FE8D48900D2A77B /* NEW本島.png in Resources */,
				0AAC86281F9EEA4E00EA006B /* k_pu.png in Resources */,
				0A3C40811FDF8EDF003E7D21 /* jump.png in Resources */,
				0A3C40981FDF96D1003E7D21 /* No2_1.png in Resources */,
				0ADF4FD31FA8096D0058E089 /* キラキラ１.png in Resources */,
				0A3C407E1FDF8EDF003E7D21 /* dash1.png in Resources */,
				0A021BBD1FD67195008EFF31 /* kon_ed3.png in Resources */,
				0AFEE668200DAE4900BB7608 /* gallery.png in Resources */,
				0A587AA21FC3F9D300A505E2 /* kon_op1.png in Resources */,
				0AFEE671200DAE7E00BB7608 /* No6_2.png in Resources */,
				0A11BE151FBA8EB7005D7B1F /* こんぺい島.png in Resources */,
				0A021BB51FD67195008EFF31 /* kon_ed5.png in Resources */,
				0AAE1E651FE8D48900D2A77B /* NEWこんぺい島.png in Resources */,
				0A587AA31FC3F9D300A505E2 /* kon_op4.png in Resources */,
				0ADF4FF51FA860D60058E089 /* hon_r.png in Resources */,
				0AFEE675200DAE7E00BB7608 /* No4_2.png in Resources */,
				0AAE1E5F1FE8C80800D2A77B /* No5_4.png in Resources */,
				0A587AC21FC3FE3100A505E2 /* t5g.png in Resources */,
				0A8976D51F903CDA00DB2382 /* minus.png in Resources */,
				0AFEE674200DAE7E00BB7608 /* No4_3.png in Resources */,
				0A021BB81FD67195008EFF31 /* kon_ed2.png in Resources */,
				0A3C40A11FDF96EA003E7D21 /* modoru.png in Resources */,
				0A8976E41F9593D500DB2382 /* トイレッ島.png in Resources */,
				0AFEE67A200DAFC400BB7608 /* hardNew.png in Resources */,
				0ADF4FF61FA860D60058E089 /* hon_b.png in Resources */,
				0AAC86271F9EEA4E00EA006B /* k_pi.png in Resources */,
				0A587ABD1FC3FC7A00A505E2 /* t4s.png in Resources */,
				0A4470812016FFF900AA6F3D /* after1_2.png in Resources */,
				0A587AA41FC3F9D300A505E2 /* kon_op2.png in Resources */,
				0A021BBB1FD67195008EFF31 /* kon_ed8.png in Resources */,
				0AC48E792020353A008DFC13 /* last6_3.png in Resources */,
				0A8976DE1F9593BD00DB2382 /* トイレットペーパー.png in Resources */,
				0A021BB61FD67195008EFF31 /* kon_ed1.png in Resources */,
				0A587ABF1FC3FC7A00A505E2 /* t3s.png in Resources */,
				0AFEE672200DAE7E00BB7608 /* No4_1.png in Resources */,
				0ADF4FD71FA8096D0058E089 /* 雲３.png in Resources */,
				0A8976D41F903CDA00DB2382 /* plus.png in Resources */,
				0A587ABE1FC3FC7A00A505E2 /* t1s.png in Resources */,
				0AFEE676200DAE7E00BB7608 /* No6_1.png in Resources */,
				0A3C409A1FDF96D1003E7D21 /* No3_3.png in Resources */,
				0A4470832016FFF900AA6F3D /* after1_3.png in Resources */,
				0AAC86371F9EEB6000EA006B /* S_こんぺい島.png in Resources */,
				0AAE1E5A1FE8C80800D2A77B /* No1_4.png in Resources */,
				0A021BBA1FD67195008EFF31 /* kon_ed6.png in Resources */,
				0AFEE661200DAE1600BB7608 /* skip.png in Resources */,
				0ADF4FE01FA81AB90058E089 /* heal.png in Resources */,
				0ADF4FD21FA8096D0058E089 /* キラキラ２.png in Resources */,
				0A2C8EC91FCD43F200712259 /* 本.png in Resources */,
				0A587AA51FC3F9D300A505E2 /* kon_op5.png in Resources */,
				0A587AB71FC3FC6D00A505E2 /* t2g.png in Resources */,
				0ADF4FD41FA8096D0058E089 /* こんぺい島灰.png in Resources */,
				0A4470802016FFF900AA6F3D /* after1_4.png in Resources */,
				0AFEE673200DAE7E00BB7608 /* No6_3.png in Resources */,
				0A021BBC1FD67195008EFF31 /* kon_ed9.png in Resources */,
				0ADF4FF01FA856FA0058E089 /* 画面サイズ.png in Resources */,
				0A021BB91FD67195008EFF31 /* kon_ed10.png in Resources */,
				0AFEE677200DAE7E00BB7608 /* No4_4.png in Resources */,
				0AAC862A1F9EEA4E00EA006B /* k_bl.png in Resources */,
				0AAE1E5D1FE8C80800D2A77B /* No5_3.png in Resources */,
				0A3C40941FDF96D1003E7D21 /* No3_2.png in Resources */,
				0A3C40951FDF96D1003E7D21 /* No1_2.png in Resources */,
				0AAE1E631FE8D48900D2A77B /* NEWトイレッ島.png in Resources */,
				0AAC863B1F9EF54D00EA006B /* ステージ選択.png in Resources */,
				0A3C40A51FDFA7A2003E7D21 /* 本島灰.png in Resources */,
				0ADF4FF71FA860D60058E089 /* 本島.png in Resources */,
				0A4470862016FFF900AA6F3D /* after1_5.png in Resources */,
				0ADF4FEE1FA84FFB0058E089 /* チュートリアル背景.png in Resources */,
				0ADF4FDA1FA8096D0058E089 /* 雲５.png in Resources */,
				0A11BE291FBABFEA005D7B1F /* うんこ.png in Resources */,
				0A4470822016FFF900AA6F3D /* after1_6.png in Resources */,
				0A3C40801FDF8EDF003E7D21 /* butukaru.png in Resources */,
				0A3C409C1FDF96D1003E7D21 /* No1_1.png in Resources */,
				0ADF4FD91FA8096D0058E089 /* トイレッ島灰.png in Resources */,
				0A3C407F1FDF8EDF003E7D21 /* dash2.png in Resources */,
				0A4470852016FFF900AA6F3D /* after1_1.png in Resources */,
				0A4470872016FFF900AA6F3D /* after1_7.png in Resources */,
				0ADF4FD81FA8096D0058E089 /* 雲４.png in Resources */,
				0AFEE678200DAE7E00BB7608 /* No2_5.png in Resources */,
				0A3C40971FDF96D1003E7D21 /* No3_4.png in Resources */,
				0A3C40931FDF96D1003E7D21 /* No1_3.png in Resources */,
			);
			runOnlyForDeploymentPostprocessing = 0;
		};
		0A4FAFD41F85E85500A25AFC /* Resources */ = {
			isa = PBXResourcesBuildPhase;
			buildActionMask = 2147483647;
			files = (
			);
			runOnlyForDeploymentPostprocessing = 0;
		};
		0A4FAFDF1F85E85500A25AFC /* Resources */ = {
			isa = PBXResourcesBuildPhase;
			buildActionMask = 2147483647;
			files = (
			);
			runOnlyForDeploymentPostprocessing = 0;
		};
/* End PBXResourcesBuildPhase section */

/* Begin PBXSourcesBuildPhase section */
		0A4FAFBA1F85E85500A25AFC /* Sources */ = {
			isa = PBXSourcesBuildPhase;
			buildActionMask = 2147483647;
			files = (
				0A4FAFC61F85E85500A25AFC /* ViewController.m in Sources */,
				0AAE1E681FE8F4E300D2A77B /* HToilettouViewController.m in Sources */,
				0A021BBF1FD6729F008EFF31 /* HontouMovieViewController.m in Sources */,
				0A11BE131FBA8607005D7B1F /* ToilettoumovieViewController.m in Sources */,
				0AF79B8B1F9ECF0000BA0DAF /* KonpeitouViewController.m in Sources */,
				0AFEE65A1FECAAAD00BB7608 /* SMCMovieViewController.m in Sources */,
				0A9670B01F9F119500150163 /* TutorialViewController.m in Sources */,
				0A587AA91FC3FA2500A505E2 /* KonpeitouMovieViewController.m in Sources */,
				0ADF4FDC1FA809EE0058E089 /* StageSelectViewController.m in Sources */,
				0A4FAFD11F85E85500A25AFC /* main.m in Sources */,
				0ADF4FEB1FA84DE50058E089 /* HontouViewController.m in Sources */,
				0A4FAFC31F85E85500A25AFC /* AppDelegate.m in Sources */,
				0AAE1E6B1FE8F5D100D2A77B /* HKonpeitouViewController.m in Sources */,
				0A3C40841FDF92CE003E7D21 /* SMCollectionViewController.m in Sources */,
				0AF79B8E1F9ECF7800BA0DAF /* ToilettouViewController.m in Sources */,
				0A021BC21FD6742D008EFF31 /* TutorialMovieViewController.m in Sources */,
			);
			runOnlyForDeploymentPostprocessing = 0;
		};
		0A4FAFD21F85E85500A25AFC /* Sources */ = {
			isa = PBXSourcesBuildPhase;
			buildActionMask = 2147483647;
			files = (
				0A4FAFDB1F85E85500A25AFC /* BookCollectorYamadaTests.m in Sources */,
			);
			runOnlyForDeploymentPostprocessing = 0;
		};
		0A4FAFDD1F85E85500A25AFC /* Sources */ = {
			isa = PBXSourcesBuildPhase;
			buildActionMask = 2147483647;
			files = (
				0A4FAFE61F85E85500A25AFC /* BookCollectorYamadaUITests.m in Sources */,
			);
			runOnlyForDeploymentPostprocessing = 0;
		};
/* End PBXSourcesBuildPhase section */

/* Begin PBXTargetDependency section */
		0A4FAFD81F85E85500A25AFC /* PBXTargetDependency */ = {
			isa = PBXTargetDependency;
			target = 0A4FAFBD1F85E85500A25AFC /* BookCollectorYamada */;
			targetProxy = 0A4FAFD71F85E85500A25AFC /* PBXContainerItemProxy */;
		};
		0A4FAFE31F85E85500A25AFC /* PBXTargetDependency */ = {
			isa = PBXTargetDependency;
			target = 0A4FAFBD1F85E85500A25AFC /* BookCollectorYamada */;
			targetProxy = 0A4FAFE21F85E85500A25AFC /* PBXContainerItemProxy */;
		};
/* End PBXTargetDependency section */

/* Begin PBXVariantGroup section */
		0A4FAFC71F85E85500A25AFC /* Main.storyboard */ = {
			isa = PBXVariantGroup;
			children = (
				0A4FAFC81F85E85500A25AFC /* Base */,
			);
			name = Main.storyboard;
			sourceTree = "<group>";
		};
		0A4FAFCC1F85E85500A25AFC /* LaunchScreen.storyboard */ = {
			isa = PBXVariantGroup;
			children = (
				0A4FAFCD1F85E85500A25AFC /* Base */,
			);
			name = LaunchScreen.storyboard;
			sourceTree = "<group>";
		};
/* End PBXVariantGroup section */

/* Begin XCBuildConfiguration section */
		0A4FAFE81F85E85500A25AFC /* Debug */ = {
			isa = XCBuildConfiguration;
			buildSettings = {
				ALWAYS_SEARCH_USER_PATHS = NO;
				CLANG_ANALYZER_NONNULL = YES;
				CLANG_ANALYZER_NUMBER_OBJECT_CONVERSION = YES_AGGRESSIVE;
				CLANG_CXX_LANGUAGE_STANDARD = "gnu++14";
				CLANG_CXX_LIBRARY = "libc++";
				CLANG_ENABLE_MODULES = YES;
				CLANG_ENABLE_OBJC_ARC = YES;
				CLANG_WARN_BLOCK_CAPTURE_AUTORELEASING = YES;
				CLANG_WARN_BOOL_CONVERSION = YES;
				CLANG_WARN_COMMA = YES;
				CLANG_WARN_CONSTANT_CONVERSION = YES;
				CLANG_WARN_DIRECT_OBJC_ISA_USAGE = YES_ERROR;
				CLANG_WARN_DOCUMENTATION_COMMENTS = YES;
				CLANG_WARN_EMPTY_BODY = YES;
				CLANG_WARN_ENUM_CONVERSION = YES;
				CLANG_WARN_INFINITE_RECURSION = YES;
				CLANG_WARN_INT_CONVERSION = YES;
				CLANG_WARN_NON_LITERAL_NULL_CONVERSION = YES;
				CLANG_WARN_OBJC_LITERAL_CONVERSION = YES;
				CLANG_WARN_OBJC_ROOT_CLASS = YES_ERROR;
				CLANG_WARN_RANGE_LOOP_ANALYSIS = YES;
				CLANG_WARN_STRICT_PROTOTYPES = YES;
				CLANG_WARN_SUSPICIOUS_MOVE = YES;
				CLANG_WARN_UNGUARDED_AVAILABILITY = YES_AGGRESSIVE;
				CLANG_WARN_UNREACHABLE_CODE = YES;
				CLANG_WARN__DUPLICATE_METHOD_MATCH = YES;
				CODE_SIGN_IDENTITY = "iPhone Developer";
				COPY_PHASE_STRIP = NO;
				DEBUG_INFORMATION_FORMAT = dwarf;
				ENABLE_STRICT_OBJC_MSGSEND = YES;
				ENABLE_TESTABILITY = YES;
				GCC_C_LANGUAGE_STANDARD = gnu11;
				GCC_DYNAMIC_NO_PIC = NO;
				GCC_NO_COMMON_BLOCKS = YES;
				GCC_OPTIMIZATION_LEVEL = 0;
				GCC_PREPROCESSOR_DEFINITIONS = (
					"DEBUG=1",
					"$(inherited)",
				);
				GCC_WARN_64_TO_32_BIT_CONVERSION = YES;
				GCC_WARN_ABOUT_RETURN_TYPE = YES_ERROR;
				GCC_WARN_UNDECLARED_SELECTOR = YES;
				GCC_WARN_UNINITIALIZED_AUTOS = YES_AGGRESSIVE;
				GCC_WARN_UNUSED_FUNCTION = YES;
				GCC_WARN_UNUSED_VARIABLE = YES;
				IPHONEOS_DEPLOYMENT_TARGET = 11.0;
				MTL_ENABLE_DEBUG_INFO = YES;
				ONLY_ACTIVE_ARCH = YES;
				SDKROOT = iphoneos;
			};
			name = Debug;
		};
		0A4FAFE91F85E85500A25AFC /* Release */ = {
			isa = XCBuildConfiguration;
			buildSettings = {
				ALWAYS_SEARCH_USER_PATHS = NO;
				CLANG_ANALYZER_NONNULL = YES;
				CLANG_ANALYZER_NUMBER_OBJECT_CONVERSION = YES_AGGRESSIVE;
				CLANG_CXX_LANGUAGE_STANDARD = "gnu++14";
				CLANG_CXX_LIBRARY = "libc++";
				CLANG_ENABLE_MODULES = YES;
				CLANG_ENABLE_OBJC_ARC = YES;
				CLANG_WARN_BLOCK_CAPTURE_AUTORELEASING = YES;
				CLANG_WARN_BOOL_CONVERSION = YES;
				CLANG_WARN_COMMA = YES;
				CLANG_WARN_CONSTANT_CONVERSION = YES;
				CLANG_WARN_DIRECT_OBJC_ISA_USAGE = YES_ERROR;
				CLANG_WARN_DOCUMENTATION_COMMENTS = YES;
				CLANG_WARN_EMPTY_BODY = YES;
				CLANG_WARN_ENUM_CONVERSION = YES;
				CLANG_WARN_INFINITE_RECURSION = YES;
				CLANG_WARN_INT_CONVERSION = YES;
				CLANG_WARN_NON_LITERAL_NULL_CONVERSION = YES;
				CLANG_WARN_OBJC_LITERAL_CONVERSION = YES;
				CLANG_WARN_OBJC_ROOT_CLASS = YES_ERROR;
				CLANG_WARN_RANGE_LOOP_ANALYSIS = YES;
				CLANG_WARN_STRICT_PROTOTYPES = YES;
				CLANG_WARN_SUSPICIOUS_MOVE = YES;
				CLANG_WARN_UNGUARDED_AVAILABILITY = YES_AGGRESSIVE;
				CLANG_WARN_UNREACHABLE_CODE = YES;
				CLANG_WARN__DUPLICATE_METHOD_MATCH = YES;
				CODE_SIGN_IDENTITY = "iPhone Developer";
				COPY_PHASE_STRIP = NO;
				DEBUG_INFORMATION_FORMAT = "dwarf-with-dsym";
				ENABLE_NS_ASSERTIONS = NO;
				ENABLE_STRICT_OBJC_MSGSEND = YES;
				GCC_C_LANGUAGE_STANDARD = gnu11;
				GCC_NO_COMMON_BLOCKS = YES;
				GCC_WARN_64_TO_32_BIT_CONVERSION = YES;
				GCC_WARN_ABOUT_RETURN_TYPE = YES_ERROR;
				GCC_WARN_UNDECLARED_SELECTOR = YES;
				GCC_WARN_UNINITIALIZED_AUTOS = YES_AGGRESSIVE;
				GCC_WARN_UNUSED_FUNCTION = YES;
				GCC_WARN_UNUSED_VARIABLE = YES;
				IPHONEOS_DEPLOYMENT_TARGET = 11.0;
				MTL_ENABLE_DEBUG_INFO = NO;
				SDKROOT = iphoneos;
				VALIDATE_PRODUCT = YES;
			};
			name = Release;
		};
		0A4FAFEB1F85E85500A25AFC /* Debug */ = {
			isa = XCBuildConfiguration;
			buildSettings = {
				ASSETCATALOG_COMPILER_APPICON_NAME = AppIcon;
				CODE_SIGN_STYLE = Automatic;
				DEVELOPMENT_TEAM = "";
				INFOPLIST_FILE = BookCollectorYamada/Info.plist;
				IPHONEOS_DEPLOYMENT_TARGET = BookcollecterYOGI;
				LD_RUNPATH_SEARCH_PATHS = "$(inherited) @executable_path/Frameworks";
				PRODUCT_BUNDLE_IDENTIFIER = "com.Objective-C.practice.BookCollectorYamada";
				PRODUCT_NAME = "$(TARGET_NAME)";
				TARGETED_DEVICE_FAMILY = "1,2";
			};
			name = Debug;
		};
		0A4FAFEC1F85E85500A25AFC /* Release */ = {
			isa = XCBuildConfiguration;
			buildSettings = {
				ASSETCATALOG_COMPILER_APPICON_NAME = AppIcon;
				CODE_SIGN_STYLE = Automatic;
				DEVELOPMENT_TEAM = "";
				INFOPLIST_FILE = BookCollectorYamada/Info.plist;
				IPHONEOS_DEPLOYMENT_TARGET = BookcollecterYOGI;
				LD_RUNPATH_SEARCH_PATHS = "$(inherited) @executable_path/Frameworks";
				PRODUCT_BUNDLE_IDENTIFIER = "com.Objective-C.practice.BookCollectorYamada";
				PRODUCT_NAME = "$(TARGET_NAME)";
				TARGETED_DEVICE_FAMILY = "1,2";
			};
			name = Release;
		};
		0A4FAFEE1F85E85500A25AFC /* Debug */ = {
			isa = XCBuildConfiguration;
			buildSettings = {
				BUNDLE_LOADER = "$(TEST_HOST)";
				CODE_SIGN_STYLE = Automatic;
				INFOPLIST_FILE = BookCollectorYamadaTests/Info.plist;
				LD_RUNPATH_SEARCH_PATHS = "$(inherited) @executable_path/Frameworks @loader_path/Frameworks";
				PRODUCT_BUNDLE_IDENTIFIER = "com.Objective-C.practice.BookCollectorYamadaTests";
				PRODUCT_NAME = "$(TARGET_NAME)";
				TARGETED_DEVICE_FAMILY = "1,2";
				TEST_HOST = "$(BUILT_PRODUCTS_DIR)/BookCollectorYamada.app/BookCollectorYamada";
			};
			name = Debug;
		};
		0A4FAFEF1F85E85500A25AFC /* Release */ = {
			isa = XCBuildConfiguration;
			buildSettings = {
				BUNDLE_LOADER = "$(TEST_HOST)";
				CODE_SIGN_STYLE = Automatic;
				INFOPLIST_FILE = BookCollectorYamadaTests/Info.plist;
				LD_RUNPATH_SEARCH_PATHS = "$(inherited) @executable_path/Frameworks @loader_path/Frameworks";
				PRODUCT_BUNDLE_IDENTIFIER = "com.Objective-C.practice.BookCollectorYamadaTests";
				PRODUCT_NAME = "$(TARGET_NAME)";
				TARGETED_DEVICE_FAMILY = "1,2";
				TEST_HOST = "$(BUILT_PRODUCTS_DIR)/BookCollectorYamada.app/BookCollectorYamada";
			};
			name = Release;
		};
		0A4FAFF11F85E85500A25AFC /* Debug */ = {
			isa = XCBuildConfiguration;
			buildSettings = {
				CODE_SIGN_STYLE = Automatic;
				INFOPLIST_FILE = BookCollectorYamadaUITests/Info.plist;
				LD_RUNPATH_SEARCH_PATHS = "$(inherited) @executable_path/Frameworks @loader_path/Frameworks";
				PRODUCT_BUNDLE_IDENTIFIER = "com.Objective-C.practice.BookCollectorYamadaUITests";
				PRODUCT_NAME = "$(TARGET_NAME)";
				TARGETED_DEVICE_FAMILY = "1,2";
				TEST_TARGET_NAME = BookCollectorYamada;
			};
			name = Debug;
		};
		0A4FAFF21F85E85500A25AFC /* Release */ = {
			isa = XCBuildConfiguration;
			buildSettings = {
				CODE_SIGN_STYLE = Automatic;
				INFOPLIST_FILE = BookCollectorYamadaUITests/Info.plist;
				LD_RUNPATH_SEARCH_PATHS = "$(inherited) @executable_path/Frameworks @loader_path/Frameworks";
				PRODUCT_BUNDLE_IDENTIFIER = "com.Objective-C.practice.BookCollectorYamadaUITests";
				PRODUCT_NAME = "$(TARGET_NAME)";
				TARGETED_DEVICE_FAMILY = "1,2";
				TEST_TARGET_NAME = BookCollectorYamada;
			};
			name = Release;
		};
/* End XCBuildConfiguration section */

/* Begin XCConfigurationList section */
		0A4FAFB91F85E85500A25AFC /* Build configuration list for PBXProject "BookCollectorYamada" */ = {
			isa = XCConfigurationList;
			buildConfigurations = (
				0A4FAFE81F85E85500A25AFC /* Debug */,
				0A4FAFE91F85E85500A25AFC /* Release */,
			);
			defaultConfigurationIsVisible = 0;
			defaultConfigurationName = Release;
		};
		0A4FAFEA1F85E85500A25AFC /* Build configuration list for PBXNativeTarget "BookCollectorYamada" */ = {
			isa = XCConfigurationList;
			buildConfigurations = (
				0A4FAFEB1F85E85500A25AFC /* Debug */,
				0A4FAFEC1F85E85500A25AFC /* Release */,
			);
			defaultConfigurationIsVisible = 0;
			defaultConfigurationName = Release;
		};
		0A4FAFED1F85E85500A25AFC /* Build configuration list for PBXNativeTarget "BookCollectorYamadaTests" */ = {
			isa = XCConfigurationList;
			buildConfigurations = (
				0A4FAFEE1F85E85500A25AFC /* Debug */,
				0A4FAFEF1F85E85500A25AFC /* Release */,
			);
			defaultConfigurationIsVisible = 0;
			defaultConfigurationName = Release;
		};
		0A4FAFF01F85E85500A25AFC /* Build configuration list for PBXNativeTarget "BookCollectorYamadaUITests" */ = {
			isa = XCConfigurationList;
			buildConfigurations = (
				0A4FAFF11F85E85500A25AFC /* Debug */,
				0A4FAFF21F85E85500A25AFC /* Release */,
			);
			defaultConfigurationIsVisible = 0;
			defaultConfigurationName = Release;
		};
/* End XCConfigurationList section */
	};
	rootObject = 0A4FAFB61F85E85500A25AFC /* Project object */;
}
